// !$*UTF8*$!
{
	archiveVersion = 1;
	classes = {
	};
	objectVersion = 46;
	objects = {

/* Begin PBXAggregateTarget section */
		F1D3EDCD18F18ACC0063EC76 /* FlexAndBison */ = {
			isa = PBXAggregateTarget;
			buildConfigurationList = F1D3EDCE18F18ACC0063EC76 /* Build configuration list for PBXAggregateTarget "FlexAndBison" */;
			buildPhases = (
				F1C3CAE019103AD400608EDD /* Generate Bison */,
				F1D3EDD318F18ADD0063EC76 /* Generate Flex */,
			);
			dependencies = (
			);
			name = FlexAndBison;
			productName = GenerateScanner;
		};
/* End PBXAggregateTarget section */

/* Begin PBXBuildFile section */
		DC088DF4191B76040067486B /* CCParser.output in Resources */ = {isa = PBXBuildFile; fileRef = DC088DF3191B76040067486B /* CCParser.output */; };
		DC8050AA1917BEB600B7C594 /* CCSymbolTable.m in Sources */ = {isa = PBXBuildFile; fileRef = DC8050A91917BEB600B7C594 /* CCSymbolTable.m */; };
		DCAE2E50191A57E5006F4F6B /* CCSymbol.m in Sources */ = {isa = PBXBuildFile; fileRef = DCAE2E4F191A57E5006F4F6B /* CCSymbol.m */; };
		DCAE2E54191A59A6006F4F6B /* CCSymbolReference.m in Sources */ = {isa = PBXBuildFile; fileRef = DCAE2E53191A59A6006F4F6B /* CCSymbolReference.m */; };
		F19F0439191C26C60054DC7B /* CCSyntaxNode.m in Sources */ = {isa = PBXBuildFile; fileRef = F19F0438191C26C60054DC7B /* CCSyntaxNode.m */; };
		F19F043D191C28070054DC7B /* CCTranslationUnitNode.m in Sources */ = {isa = PBXBuildFile; fileRef = F19F043C191C28070054DC7B /* CCTranslationUnitNode.m */; };
		F19F0443191C289B0054DC7B /* CCExternalDeclarationNode.m in Sources */ = {isa = PBXBuildFile; fileRef = F19F0442191C289B0054DC7B /* CCExternalDeclarationNode.m */; };
		F19F0448191C298D0054DC7B /* CCFunctionDefinitionNode.m in Sources */ = {isa = PBXBuildFile; fileRef = F19F0447191C298D0054DC7B /* CCFunctionDefinitionNode.m */; };
		F19F044C191C2A540054DC7B /* CCDeclarationNode.m in Sources */ = {isa = PBXBuildFile; fileRef = F19F044B191C2A540054DC7B /* CCDeclarationNode.m */; };
		F19F0450191C2B960054DC7B /* CCDeclarationListNode.m in Sources */ = {isa = PBXBuildFile; fileRef = F19F044F191C2B960054DC7B /* CCDeclarationListNode.m */; };
		F19F0454191C2C420054DC7B /* CCCompoundStatementNode.m in Sources */ = {isa = PBXBuildFile; fileRef = F19F0453191C2C420054DC7B /* CCCompoundStatementNode.m */; };
		F19F0458191C2CAD0054DC7B /* CCStatementListNode.m in Sources */ = {isa = PBXBuildFile; fileRef = F19F0457191C2CAD0054DC7B /* CCStatementListNode.m */; };
		F19F045C191C2D0F0054DC7B /* CCStatementNode.m in Sources */ = {isa = PBXBuildFile; fileRef = F19F045B191C2D0F0054DC7B /* CCStatementNode.m */; };
		F19F0460191C2EB50054DC7B /* CCLabeledStatementNode.m in Sources */ = {isa = PBXBuildFile; fileRef = F19F045F191C2EB50054DC7B /* CCLabeledStatementNode.m */; };
		F19F0464191C2F230054DC7B /* CCExpressionStatementNode.m in Sources */ = {isa = PBXBuildFile; fileRef = F19F0463191C2F230054DC7B /* CCExpressionStatementNode.m */; };
		F19F0468191C2F810054DC7B /* CCSelectionStatementNode.m in Sources */ = {isa = PBXBuildFile; fileRef = F19F0467191C2F810054DC7B /* CCSelectionStatementNode.m */; };
		F19F046C191C2FD70054DC7B /* CCIterationStatementNode.m in Sources */ = {isa = PBXBuildFile; fileRef = F19F046B191C2FD70054DC7B /* CCIterationStatementNode.m */; };
		F19F0470191C31510054DC7B /* CCJumpStatementNode.m in Sources */ = {isa = PBXBuildFile; fileRef = F19F046F191C31510054DC7B /* CCJumpStatementNode.m */; };
		F19F0475191C32990054DC7B /* CCDeclarationSpecificationNode.m in Sources */ = {isa = PBXBuildFile; fileRef = F19F0474191C32990054DC7B /* CCDeclarationSpecificationNode.m */; };
		F19F047A191C32FB0054DC7B /* CCTypeSpecificationNode.m in Sources */ = {isa = PBXBuildFile; fileRef = F19F0479191C32FB0054DC7B /* CCTypeSpecificationNode.m */; };
		F19F047E191C33C70054DC7B /* CCInitDeclaratorListNode.m in Sources */ = {isa = PBXBuildFile; fileRef = F19F047D191C33C70054DC7B /* CCInitDeclaratorListNode.m */; };
		F19F0482191C34500054DC7B /* CCInitDeclaratorNode.m in Sources */ = {isa = PBXBuildFile; fileRef = F19F0481191C34500054DC7B /* CCInitDeclaratorNode.m */; };
		F19F0486191C38CF0054DC7B /* CCDeclaratorNode.m in Sources */ = {isa = PBXBuildFile; fileRef = F19F0485191C38CF0054DC7B /* CCDeclaratorNode.m */; };
		F19F048A191C39870054DC7B /* CCParameterListNode.m in Sources */ = {isa = PBXBuildFile; fileRef = F19F0489191C39870054DC7B /* CCParameterListNode.m */; };
		F19F048E191C3A0D0054DC7B /* CCParameterDeclarationNode.m in Sources */ = {isa = PBXBuildFile; fileRef = F19F048D191C3A0D0054DC7B /* CCParameterDeclarationNode.m */; };
		F19F0492191C3AA70054DC7B /* CCInitializerNode.m in Sources */ = {isa = PBXBuildFile; fileRef = F19F0491191C3AA70054DC7B /* CCInitializerNode.m */; };
		F19F0496191C3B2B0054DC7B /* CCInitializerListNode.m in Sources */ = {isa = PBXBuildFile; fileRef = F19F0495191C3B2B0054DC7B /* CCInitializerListNode.m */; };
		F19F049A191C3BAF0054DC7B /* CCAssignmentExpressionNode.m in Sources */ = {isa = PBXBuildFile; fileRef = F19F0499191C3BAF0054DC7B /* CCAssignmentExpressionNode.m */; };
		F19F049E191C3E5B0054DC7B /* CCConditionalExpressionNode.m in Sources */ = {isa = PBXBuildFile; fileRef = F19F049D191C3E5B0054DC7B /* CCConditionalExpressionNode.m */; };
		F19F04A2191C3FCF0054DC7B /* CCUnaryExpressionNode.m in Sources */ = {isa = PBXBuildFile; fileRef = F19F04A1191C3FCF0054DC7B /* CCUnaryExpressionNode.m */; };
		F19F04A6191C41A10054DC7B /* CCPrefixOperatorNode.m in Sources */ = {isa = PBXBuildFile; fileRef = F19F04A5191C41A10054DC7B /* CCPrefixOperatorNode.m */; };
		F19F04AA191C474E0054DC7B /* CCAssignmentOperatorNode.m in Sources */ = {isa = PBXBuildFile; fileRef = F19F04A9191C474E0054DC7B /* CCAssignmentOperatorNode.m */; };
		F19F04AE191C48A30054DC7B /* CCLogicalOrExpressionNode.m in Sources */ = {isa = PBXBuildFile; fileRef = F19F04AD191C48A30054DC7B /* CCLogicalOrExpressionNode.m */; };
		F19F04B2191C49390054DC7B /* CCLogicalAndExpressionNode.m in Sources */ = {isa = PBXBuildFile; fileRef = F19F04B1191C49390054DC7B /* CCLogicalAndExpressionNode.m */; };
		F19F04B6191C49AC0054DC7B /* CCInclusiveOrExpressionNode.m in Sources */ = {isa = PBXBuildFile; fileRef = F19F04B5191C49AC0054DC7B /* CCInclusiveOrExpressionNode.m */; };
		F19F04BA191C4A210054DC7B /* CCExclusiveOrExpressionNode.m in Sources */ = {isa = PBXBuildFile; fileRef = F19F04B9191C4A210054DC7B /* CCExclusiveOrExpressionNode.m */; };
		F19F04BE191C4B3D0054DC7B /* CCAndExpressionNode.m in Sources */ = {isa = PBXBuildFile; fileRef = F19F04BD191C4B3D0054DC7B /* CCAndExpressionNode.m */; };
		F19F04C2191C4BBB0054DC7B /* CCEqualityExpressionNode.m in Sources */ = {isa = PBXBuildFile; fileRef = F19F04C1191C4BBB0054DC7B /* CCEqualityExpressionNode.m */; };
		F19F04C7191C4C970054DC7B /* CCEqualityOperatorNode.m in Sources */ = {isa = PBXBuildFile; fileRef = F19F04C6191C4C970054DC7B /* CCEqualityOperatorNode.m */; };
		F19F04CB191C4D030054DC7B /* CCRelationalExpressionNode.m in Sources */ = {isa = PBXBuildFile; fileRef = F19F04CA191C4D030054DC7B /* CCRelationalExpressionNode.m */; };
		F19F04CF191C4DDB0054DC7B /* CCCompareOperatorNode.m in Sources */ = {isa = PBXBuildFile; fileRef = F19F04CE191C4DDB0054DC7B /* CCCompareOperatorNode.m */; };
		F19F04D3191C4E800054DC7B /* CCShiftExpressionNode.m in Sources */ = {isa = PBXBuildFile; fileRef = F19F04D2191C4E800054DC7B /* CCShiftExpressionNode.m */; };
		F19F04D7191C4F080054DC7B /* CCShiftOperatorNode.m in Sources */ = {isa = PBXBuildFile; fileRef = F19F04D6191C4F080054DC7B /* CCShiftOperatorNode.m */; };
		F19F04DB191C51B50054DC7B /* CCAdditiveExpressionNode.m in Sources */ = {isa = PBXBuildFile; fileRef = F19F04DA191C51B50054DC7B /* CCAdditiveExpressionNode.m */; };
		F19F04DF191C524F0054DC7B /* CCAdditiveOperatorNode.m in Sources */ = {isa = PBXBuildFile; fileRef = F19F04DE191C524F0054DC7B /* CCAdditiveOperatorNode.m */; };
		F19F04E3191C53AF0054DC7B /* CCMultiplicativeExpressionNode.m in Sources */ = {isa = PBXBuildFile; fileRef = F19F04E2191C53AF0054DC7B /* CCMultiplicativeExpressionNode.m */; };
		F19F04E7191C54C10054DC7B /* CCMultiplicativeOperatorNode.m in Sources */ = {isa = PBXBuildFile; fileRef = F19F04E6191C54C10054DC7B /* CCMultiplicativeOperatorNode.m */; };
		F19F04EB191C57040054DC7B /* CCExpressionNode.m in Sources */ = {isa = PBXBuildFile; fileRef = F19F04EA191C57040054DC7B /* CCExpressionNode.m */; };
		F19F04EF191C57A20054DC7B /* CCPostfixExpressionNode.m in Sources */ = {isa = PBXBuildFile; fileRef = F19F04EE191C57A20054DC7B /* CCPostfixExpressionNode.m */; };
		F19F04F3191C58620054DC7B /* CCPostfixOperatorNode.m in Sources */ = {isa = PBXBuildFile; fileRef = F19F04F2191C58620054DC7B /* CCPostfixOperatorNode.m */; };
		F19F04F7191C59AB0054DC7B /* CCPrimaryExpressionNode.m in Sources */ = {isa = PBXBuildFile; fileRef = F19F04F6191C59AB0054DC7B /* CCPrimaryExpressionNode.m */; };
		F19F04FB191C5B100054DC7B /* CCArgumentExpressionListNode.m in Sources */ = {isa = PBXBuildFile; fileRef = F19F04FA191C5B100054DC7B /* CCArgumentExpressionListNode.m */; };
		F19F04FF191C5B650054DC7B /* CCConstNode.m in Sources */ = {isa = PBXBuildFile; fileRef = F19F04FE191C5B650054DC7B /* CCConstNode.m */; };
		F19F0503191C5BFE0054DC7B /* CCUnaryOperatorNode.m in Sources */ = {isa = PBXBuildFile; fileRef = F19F0502191C5BFE0054DC7B /* CCUnaryOperatorNode.m */; };
		F19F0507191C5C820054DC7B /* CCStringNode.m in Sources */ = {isa = PBXBuildFile; fileRef = F19F0506191C5C820054DC7B /* CCStringNode.m */; };
		F19F050B191C5D700054DC7B /* CCIdentifierNode.m in Sources */ = {isa = PBXBuildFile; fileRef = F19F050A191C5D700054DC7B /* CCIdentifierNode.m */; };
		F19F0515191CCDB20054DC7B /* CCSyntaxTree.m in Sources */ = {isa = PBXBuildFile; fileRef = F19F0514191CCDB20054DC7B /* CCSyntaxTree.m */; };
		F1C3CAE219103D0B00608EDD /* CCParser.m in Sources */ = {isa = PBXBuildFile; fileRef = F1C3CAE119103D0B00608EDD /* CCParser.m */; settings = {COMPILER_FLAGS = "-fno-objc-arc"; }; };
		F1C7C46218F1864100A4D911 /* Cocoa.framework in Frameworks */ = {isa = PBXBuildFile; fileRef = F1C7C46118F1864100A4D911 /* Cocoa.framework */; };
		F1C7C46C18F1864100A4D911 /* InfoPlist.strings in Resources */ = {isa = PBXBuildFile; fileRef = F1C7C46A18F1864100A4D911 /* InfoPlist.strings */; };
		F1C7C46E18F1864100A4D911 /* main.m in Sources */ = {isa = PBXBuildFile; fileRef = F1C7C46D18F1864100A4D911 /* main.m */; };
		F1C7C47218F1864100A4D911 /* Credits.rtf in Resources */ = {isa = PBXBuildFile; fileRef = F1C7C47018F1864100A4D911 /* Credits.rtf */; };
		F1C7C47518F1864100A4D911 /* CCAppDelegate.m in Sources */ = {isa = PBXBuildFile; fileRef = F1C7C47418F1864100A4D911 /* CCAppDelegate.m */; };
		F1C7C47818F1864100A4D911 /* MainMenu.xib in Resources */ = {isa = PBXBuildFile; fileRef = F1C7C47618F1864100A4D911 /* MainMenu.xib */; };
		F1C7C47A18F1864100A4D911 /* Images.xcassets in Resources */ = {isa = PBXBuildFile; fileRef = F1C7C47918F1864100A4D911 /* Images.xcassets */; };
		F1C7C48118F1864100A4D911 /* XCTest.framework in Frameworks */ = {isa = PBXBuildFile; fileRef = F1C7C48018F1864100A4D911 /* XCTest.framework */; };
		F1C7C48218F1864100A4D911 /* Cocoa.framework in Frameworks */ = {isa = PBXBuildFile; fileRef = F1C7C46118F1864100A4D911 /* Cocoa.framework */; };
		F1C7C48A18F1864100A4D911 /* InfoPlist.strings in Resources */ = {isa = PBXBuildFile; fileRef = F1C7C48818F1864100A4D911 /* InfoPlist.strings */; };
		F1C7C48C18F1864100A4D911 /* CompilerConstructionTests.m in Sources */ = {isa = PBXBuildFile; fileRef = F1C7C48B18F1864100A4D911 /* CompilerConstructionTests.m */; };
		F1D3EDCB18F189C10063EC76 /* CCScanner.m in Sources */ = {isa = PBXBuildFile; fileRef = F1D3EDCA18F189C10063EC76 /* CCScanner.m */; settings = {COMPILER_FLAGS = "-fno-objc-arc"; }; };
		F1D3EDDC18F198020063EC76 /* CCUIController.m in Sources */ = {isa = PBXBuildFile; fileRef = F1D3EDDB18F198020063EC76 /* CCUIController.m */; };
/* End PBXBuildFile section */

/* Begin PBXContainerItemProxy section */
		F1C7C48318F1864100A4D911 /* PBXContainerItemProxy */ = {
			isa = PBXContainerItemProxy;
			containerPortal = F1C7C45618F1864100A4D911 /* Project object */;
			proxyType = 1;
			remoteGlobalIDString = F1C7C45D18F1864100A4D911;
			remoteInfo = CompilerConstruction;
		};
		F1D3EDD118F18AD40063EC76 /* PBXContainerItemProxy */ = {
			isa = PBXContainerItemProxy;
			containerPortal = F1C7C45618F1864100A4D911 /* Project object */;
			proxyType = 1;
			remoteGlobalIDString = F1D3EDCD18F18ACC0063EC76;
			remoteInfo = GenerateScanner;
		};
/* End PBXContainerItemProxy section */

/* Begin PBXFileReference section */
		DC088DF3191B76040067486B /* CCParser.output */ = {isa = PBXFileReference; fileEncoding = 4; lastKnownFileType = text; path = CCParser.output; sourceTree = "<group>"; };
		DC088DF9191B893A0067486B /* CCDebug.h */ = {isa = PBXFileReference; lastKnownFileType = sourcecode.c.h; path = CCDebug.h; sourceTree = "<group>"; };
		DC8050A81917BEB600B7C594 /* CCSymbolTable.h */ = {isa = PBXFileReference; fileEncoding = 4; lastKnownFileType = sourcecode.c.h; path = CCSymbolTable.h; sourceTree = "<group>"; };
		DC8050A91917BEB600B7C594 /* CCSymbolTable.m */ = {isa = PBXFileReference; fileEncoding = 4; lastKnownFileType = sourcecode.c.objc; path = CCSymbolTable.m; sourceTree = "<group>"; };
		DCAE2E4E191A57E5006F4F6B /* CCSymbol.h */ = {isa = PBXFileReference; fileEncoding = 4; lastKnownFileType = sourcecode.c.h; path = CCSymbol.h; sourceTree = "<group>"; };
		DCAE2E4F191A57E5006F4F6B /* CCSymbol.m */ = {isa = PBXFileReference; fileEncoding = 4; lastKnownFileType = sourcecode.c.objc; path = CCSymbol.m; sourceTree = "<group>"; };
		DCAE2E52191A59A6006F4F6B /* CCSymbolReference.h */ = {isa = PBXFileReference; fileEncoding = 4; lastKnownFileType = sourcecode.c.h; path = CCSymbolReference.h; sourceTree = "<group>"; };
		DCAE2E53191A59A6006F4F6B /* CCSymbolReference.m */ = {isa = PBXFileReference; fileEncoding = 4; lastKnownFileType = sourcecode.c.objc; path = CCSymbolReference.m; sourceTree = "<group>"; };
		F19F0437191C26C60054DC7B /* CCSyntaxNode.h */ = {isa = PBXFileReference; fileEncoding = 4; lastKnownFileType = sourcecode.c.h; path = CCSyntaxNode.h; sourceTree = "<group>"; };
		F19F0438191C26C60054DC7B /* CCSyntaxNode.m */ = {isa = PBXFileReference; fileEncoding = 4; lastKnownFileType = sourcecode.c.objc; path = CCSyntaxNode.m; sourceTree = "<group>"; };
		F19F043B191C28070054DC7B /* CCTranslationUnitNode.h */ = {isa = PBXFileReference; fileEncoding = 4; lastKnownFileType = sourcecode.c.h; path = CCTranslationUnitNode.h; sourceTree = "<group>"; };
		F19F043C191C28070054DC7B /* CCTranslationUnitNode.m */ = {isa = PBXFileReference; fileEncoding = 4; lastKnownFileType = sourcecode.c.objc; path = CCTranslationUnitNode.m; sourceTree = "<group>"; };
		F19F0441191C289B0054DC7B /* CCExternalDeclarationNode.h */ = {isa = PBXFileReference; fileEncoding = 4; lastKnownFileType = sourcecode.c.h; path = CCExternalDeclarationNode.h; sourceTree = "<group>"; };
		F19F0442191C289B0054DC7B /* CCExternalDeclarationNode.m */ = {isa = PBXFileReference; fileEncoding = 4; lastKnownFileType = sourcecode.c.objc; path = CCExternalDeclarationNode.m; sourceTree = "<group>"; };
		F19F0446191C298D0054DC7B /* CCFunctionDefinitionNode.h */ = {isa = PBXFileReference; fileEncoding = 4; lastKnownFileType = sourcecode.c.h; path = CCFunctionDefinitionNode.h; sourceTree = "<group>"; };
		F19F0447191C298D0054DC7B /* CCFunctionDefinitionNode.m */ = {isa = PBXFileReference; fileEncoding = 4; lastKnownFileType = sourcecode.c.objc; path = CCFunctionDefinitionNode.m; sourceTree = "<group>"; };
		F19F044A191C2A540054DC7B /* CCDeclarationNode.h */ = {isa = PBXFileReference; fileEncoding = 4; lastKnownFileType = sourcecode.c.h; path = CCDeclarationNode.h; sourceTree = "<group>"; };
		F19F044B191C2A540054DC7B /* CCDeclarationNode.m */ = {isa = PBXFileReference; fileEncoding = 4; lastKnownFileType = sourcecode.c.objc; lineEnding = 0; path = CCDeclarationNode.m; sourceTree = "<group>"; xcLanguageSpecificationIdentifier = xcode.lang.objc; };
		F19F044E191C2B960054DC7B /* CCDeclarationListNode.h */ = {isa = PBXFileReference; fileEncoding = 4; lastKnownFileType = sourcecode.c.h; path = CCDeclarationListNode.h; sourceTree = "<group>"; };
		F19F044F191C2B960054DC7B /* CCDeclarationListNode.m */ = {isa = PBXFileReference; fileEncoding = 4; lastKnownFileType = sourcecode.c.objc; lineEnding = 0; path = CCDeclarationListNode.m; sourceTree = "<group>"; xcLanguageSpecificationIdentifier = xcode.lang.objc; };
		F19F0452191C2C420054DC7B /* CCCompoundStatementNode.h */ = {isa = PBXFileReference; fileEncoding = 4; lastKnownFileType = sourcecode.c.h; path = CCCompoundStatementNode.h; sourceTree = "<group>"; };
		F19F0453191C2C420054DC7B /* CCCompoundStatementNode.m */ = {isa = PBXFileReference; fileEncoding = 4; lastKnownFileType = sourcecode.c.objc; lineEnding = 0; path = CCCompoundStatementNode.m; sourceTree = "<group>"; xcLanguageSpecificationIdentifier = xcode.lang.objc; };
		F19F0456191C2CAD0054DC7B /* CCStatementListNode.h */ = {isa = PBXFileReference; fileEncoding = 4; lastKnownFileType = sourcecode.c.h; path = CCStatementListNode.h; sourceTree = "<group>"; };
		F19F0457191C2CAD0054DC7B /* CCStatementListNode.m */ = {isa = PBXFileReference; fileEncoding = 4; lastKnownFileType = sourcecode.c.objc; path = CCStatementListNode.m; sourceTree = "<group>"; };
		F19F045A191C2D0F0054DC7B /* CCStatementNode.h */ = {isa = PBXFileReference; fileEncoding = 4; lastKnownFileType = sourcecode.c.h; path = CCStatementNode.h; sourceTree = "<group>"; };
		F19F045B191C2D0F0054DC7B /* CCStatementNode.m */ = {isa = PBXFileReference; fileEncoding = 4; lastKnownFileType = sourcecode.c.objc; path = CCStatementNode.m; sourceTree = "<group>"; };
		F19F045E191C2EB50054DC7B /* CCLabeledStatementNode.h */ = {isa = PBXFileReference; fileEncoding = 4; lastKnownFileType = sourcecode.c.h; path = CCLabeledStatementNode.h; sourceTree = "<group>"; };
		F19F045F191C2EB50054DC7B /* CCLabeledStatementNode.m */ = {isa = PBXFileReference; fileEncoding = 4; lastKnownFileType = sourcecode.c.objc; path = CCLabeledStatementNode.m; sourceTree = "<group>"; };
		F19F0462191C2F230054DC7B /* CCExpressionStatementNode.h */ = {isa = PBXFileReference; fileEncoding = 4; lastKnownFileType = sourcecode.c.h; path = CCExpressionStatementNode.h; sourceTree = "<group>"; };
		F19F0463191C2F230054DC7B /* CCExpressionStatementNode.m */ = {isa = PBXFileReference; fileEncoding = 4; lastKnownFileType = sourcecode.c.objc; path = CCExpressionStatementNode.m; sourceTree = "<group>"; };
		F19F0466191C2F810054DC7B /* CCSelectionStatementNode.h */ = {isa = PBXFileReference; fileEncoding = 4; lastKnownFileType = sourcecode.c.h; path = CCSelectionStatementNode.h; sourceTree = "<group>"; };
		F19F0467191C2F810054DC7B /* CCSelectionStatementNode.m */ = {isa = PBXFileReference; fileEncoding = 4; lastKnownFileType = sourcecode.c.objc; path = CCSelectionStatementNode.m; sourceTree = "<group>"; };
		F19F046A191C2FD70054DC7B /* CCIterationStatementNode.h */ = {isa = PBXFileReference; fileEncoding = 4; lastKnownFileType = sourcecode.c.h; path = CCIterationStatementNode.h; sourceTree = "<group>"; };
		F19F046B191C2FD70054DC7B /* CCIterationStatementNode.m */ = {isa = PBXFileReference; fileEncoding = 4; lastKnownFileType = sourcecode.c.objc; path = CCIterationStatementNode.m; sourceTree = "<group>"; };
		F19F046E191C31510054DC7B /* CCJumpStatementNode.h */ = {isa = PBXFileReference; fileEncoding = 4; lastKnownFileType = sourcecode.c.h; path = CCJumpStatementNode.h; sourceTree = "<group>"; };
		F19F046F191C31510054DC7B /* CCJumpStatementNode.m */ = {isa = PBXFileReference; fileEncoding = 4; lastKnownFileType = sourcecode.c.objc; path = CCJumpStatementNode.m; sourceTree = "<group>"; };
		F19F0473191C32990054DC7B /* CCDeclarationSpecificationNode.h */ = {isa = PBXFileReference; fileEncoding = 4; lastKnownFileType = sourcecode.c.h; path = CCDeclarationSpecificationNode.h; sourceTree = "<group>"; };
		F19F0474191C32990054DC7B /* CCDeclarationSpecificationNode.m */ = {isa = PBXFileReference; fileEncoding = 4; lastKnownFileType = sourcecode.c.objc; lineEnding = 0; path = CCDeclarationSpecificationNode.m; sourceTree = "<group>"; xcLanguageSpecificationIdentifier = xcode.lang.objc; };
		F19F0478191C32FB0054DC7B /* CCTypeSpecificationNode.h */ = {isa = PBXFileReference; fileEncoding = 4; lastKnownFileType = sourcecode.c.h; path = CCTypeSpecificationNode.h; sourceTree = "<group>"; };
		F19F0479191C32FB0054DC7B /* CCTypeSpecificationNode.m */ = {isa = PBXFileReference; fileEncoding = 4; lastKnownFileType = sourcecode.c.objc; path = CCTypeSpecificationNode.m; sourceTree = "<group>"; };
		F19F047C191C33C70054DC7B /* CCInitDeclaratorListNode.h */ = {isa = PBXFileReference; fileEncoding = 4; lastKnownFileType = sourcecode.c.h; path = CCInitDeclaratorListNode.h; sourceTree = "<group>"; };
		F19F047D191C33C70054DC7B /* CCInitDeclaratorListNode.m */ = {isa = PBXFileReference; fileEncoding = 4; lastKnownFileType = sourcecode.c.objc; path = CCInitDeclaratorListNode.m; sourceTree = "<group>"; };
		F19F0480191C34500054DC7B /* CCInitDeclaratorNode.h */ = {isa = PBXFileReference; fileEncoding = 4; lastKnownFileType = sourcecode.c.h; path = CCInitDeclaratorNode.h; sourceTree = "<group>"; };
		F19F0481191C34500054DC7B /* CCInitDeclaratorNode.m */ = {isa = PBXFileReference; fileEncoding = 4; lastKnownFileType = sourcecode.c.objc; path = CCInitDeclaratorNode.m; sourceTree = "<group>"; };
		F19F0484191C38CF0054DC7B /* CCDeclaratorNode.h */ = {isa = PBXFileReference; fileEncoding = 4; lastKnownFileType = sourcecode.c.h; path = CCDeclaratorNode.h; sourceTree = "<group>"; };
		F19F0485191C38CF0054DC7B /* CCDeclaratorNode.m */ = {isa = PBXFileReference; fileEncoding = 4; lastKnownFileType = sourcecode.c.objc; lineEnding = 0; path = CCDeclaratorNode.m; sourceTree = "<group>"; xcLanguageSpecificationIdentifier = xcode.lang.objc; };
		F19F0488191C39870054DC7B /* CCParameterListNode.h */ = {isa = PBXFileReference; fileEncoding = 4; lastKnownFileType = sourcecode.c.h; path = CCParameterListNode.h; sourceTree = "<group>"; };
		F19F0489191C39870054DC7B /* CCParameterListNode.m */ = {isa = PBXFileReference; fileEncoding = 4; lastKnownFileType = sourcecode.c.objc; path = CCParameterListNode.m; sourceTree = "<group>"; };
		F19F048C191C3A0D0054DC7B /* CCParameterDeclarationNode.h */ = {isa = PBXFileReference; fileEncoding = 4; lastKnownFileType = sourcecode.c.h; path = CCParameterDeclarationNode.h; sourceTree = "<group>"; };
		F19F048D191C3A0D0054DC7B /* CCParameterDeclarationNode.m */ = {isa = PBXFileReference; fileEncoding = 4; lastKnownFileType = sourcecode.c.objc; path = CCParameterDeclarationNode.m; sourceTree = "<group>"; };
		F19F0490191C3AA70054DC7B /* CCInitializerNode.h */ = {isa = PBXFileReference; fileEncoding = 4; lastKnownFileType = sourcecode.c.h; path = CCInitializerNode.h; sourceTree = "<group>"; };
		F19F0491191C3AA70054DC7B /* CCInitializerNode.m */ = {isa = PBXFileReference; fileEncoding = 4; lastKnownFileType = sourcecode.c.objc; path = CCInitializerNode.m; sourceTree = "<group>"; };
		F19F0494191C3B2B0054DC7B /* CCInitializerListNode.h */ = {isa = PBXFileReference; fileEncoding = 4; lastKnownFileType = sourcecode.c.h; path = CCInitializerListNode.h; sourceTree = "<group>"; };
		F19F0495191C3B2B0054DC7B /* CCInitializerListNode.m */ = {isa = PBXFileReference; fileEncoding = 4; lastKnownFileType = sourcecode.c.objc; path = CCInitializerListNode.m; sourceTree = "<group>"; };
		F19F0498191C3BAF0054DC7B /* CCAssignmentExpressionNode.h */ = {isa = PBXFileReference; fileEncoding = 4; lastKnownFileType = sourcecode.c.h; path = CCAssignmentExpressionNode.h; sourceTree = "<group>"; };
		F19F0499191C3BAF0054DC7B /* CCAssignmentExpressionNode.m */ = {isa = PBXFileReference; fileEncoding = 4; lastKnownFileType = sourcecode.c.objc; lineEnding = 0; path = CCAssignmentExpressionNode.m; sourceTree = "<group>"; xcLanguageSpecificationIdentifier = xcode.lang.objc; };
		F19F049C191C3E5B0054DC7B /* CCConditionalExpressionNode.h */ = {isa = PBXFileReference; fileEncoding = 4; lastKnownFileType = sourcecode.c.h; path = CCConditionalExpressionNode.h; sourceTree = "<group>"; };
		F19F049D191C3E5B0054DC7B /* CCConditionalExpressionNode.m */ = {isa = PBXFileReference; fileEncoding = 4; lastKnownFileType = sourcecode.c.objc; lineEnding = 0; path = CCConditionalExpressionNode.m; sourceTree = "<group>"; xcLanguageSpecificationIdentifier = xcode.lang.objc; };
		F19F04A0191C3FCF0054DC7B /* CCUnaryExpressionNode.h */ = {isa = PBXFileReference; fileEncoding = 4; lastKnownFileType = sourcecode.c.h; path = CCUnaryExpressionNode.h; sourceTree = "<group>"; };
		F19F04A1191C3FCF0054DC7B /* CCUnaryExpressionNode.m */ = {isa = PBXFileReference; fileEncoding = 4; lastKnownFileType = sourcecode.c.objc; path = CCUnaryExpressionNode.m; sourceTree = "<group>"; };
		F19F04A4191C41A10054DC7B /* CCPrefixOperatorNode.h */ = {isa = PBXFileReference; fileEncoding = 4; lastKnownFileType = sourcecode.c.h; path = CCPrefixOperatorNode.h; sourceTree = "<group>"; };
		F19F04A5191C41A10054DC7B /* CCPrefixOperatorNode.m */ = {isa = PBXFileReference; fileEncoding = 4; lastKnownFileType = sourcecode.c.objc; path = CCPrefixOperatorNode.m; sourceTree = "<group>"; };
		F19F04A8191C474E0054DC7B /* CCAssignmentOperatorNode.h */ = {isa = PBXFileReference; fileEncoding = 4; lastKnownFileType = sourcecode.c.h; path = CCAssignmentOperatorNode.h; sourceTree = "<group>"; };
		F19F04A9191C474E0054DC7B /* CCAssignmentOperatorNode.m */ = {isa = PBXFileReference; fileEncoding = 4; lastKnownFileType = sourcecode.c.objc; lineEnding = 0; path = CCAssignmentOperatorNode.m; sourceTree = "<group>"; xcLanguageSpecificationIdentifier = xcode.lang.objc; };
		F19F04AC191C48A30054DC7B /* CCLogicalOrExpressionNode.h */ = {isa = PBXFileReference; fileEncoding = 4; lastKnownFileType = sourcecode.c.h; path = CCLogicalOrExpressionNode.h; sourceTree = "<group>"; };
		F19F04AD191C48A30054DC7B /* CCLogicalOrExpressionNode.m */ = {isa = PBXFileReference; fileEncoding = 4; lastKnownFileType = sourcecode.c.objc; path = CCLogicalOrExpressionNode.m; sourceTree = "<group>"; };
		F19F04B0191C49390054DC7B /* CCLogicalAndExpressionNode.h */ = {isa = PBXFileReference; fileEncoding = 4; lastKnownFileType = sourcecode.c.h; path = CCLogicalAndExpressionNode.h; sourceTree = "<group>"; };
		F19F04B1191C49390054DC7B /* CCLogicalAndExpressionNode.m */ = {isa = PBXFileReference; fileEncoding = 4; lastKnownFileType = sourcecode.c.objc; path = CCLogicalAndExpressionNode.m; sourceTree = "<group>"; };
		F19F04B4191C49AC0054DC7B /* CCInclusiveOrExpressionNode.h */ = {isa = PBXFileReference; fileEncoding = 4; lastKnownFileType = sourcecode.c.h; path = CCInclusiveOrExpressionNode.h; sourceTree = "<group>"; };
		F19F04B5191C49AC0054DC7B /* CCInclusiveOrExpressionNode.m */ = {isa = PBXFileReference; fileEncoding = 4; lastKnownFileType = sourcecode.c.objc; path = CCInclusiveOrExpressionNode.m; sourceTree = "<group>"; };
		F19F04B8191C4A210054DC7B /* CCExclusiveOrExpressionNode.h */ = {isa = PBXFileReference; fileEncoding = 4; lastKnownFileType = sourcecode.c.h; path = CCExclusiveOrExpressionNode.h; sourceTree = "<group>"; };
		F19F04B9191C4A210054DC7B /* CCExclusiveOrExpressionNode.m */ = {isa = PBXFileReference; fileEncoding = 4; lastKnownFileType = sourcecode.c.objc; lineEnding = 0; path = CCExclusiveOrExpressionNode.m; sourceTree = "<group>"; xcLanguageSpecificationIdentifier = xcode.lang.objc; };
		F19F04BC191C4B3D0054DC7B /* CCAndExpressionNode.h */ = {isa = PBXFileReference; fileEncoding = 4; lastKnownFileType = sourcecode.c.h; path = CCAndExpressionNode.h; sourceTree = "<group>"; };
		F19F04BD191C4B3D0054DC7B /* CCAndExpressionNode.m */ = {isa = PBXFileReference; fileEncoding = 4; lastKnownFileType = sourcecode.c.objc; lineEnding = 0; path = CCAndExpressionNode.m; sourceTree = "<group>"; xcLanguageSpecificationIdentifier = xcode.lang.objc; };
		F19F04C0191C4BBB0054DC7B /* CCEqualityExpressionNode.h */ = {isa = PBXFileReference; fileEncoding = 4; lastKnownFileType = sourcecode.c.h; path = CCEqualityExpressionNode.h; sourceTree = "<group>"; };
		F19F04C1191C4BBB0054DC7B /* CCEqualityExpressionNode.m */ = {isa = PBXFileReference; fileEncoding = 4; lastKnownFileType = sourcecode.c.objc; lineEnding = 0; path = CCEqualityExpressionNode.m; sourceTree = "<group>"; xcLanguageSpecificationIdentifier = xcode.lang.objc; };
		F19F04C5191C4C970054DC7B /* CCEqualityOperatorNode.h */ = {isa = PBXFileReference; fileEncoding = 4; lastKnownFileType = sourcecode.c.h; path = CCEqualityOperatorNode.h; sourceTree = "<group>"; };
		F19F04C6191C4C970054DC7B /* CCEqualityOperatorNode.m */ = {isa = PBXFileReference; fileEncoding = 4; lastKnownFileType = sourcecode.c.objc; lineEnding = 0; path = CCEqualityOperatorNode.m; sourceTree = "<group>"; xcLanguageSpecificationIdentifier = xcode.lang.objc; };
		F19F04C9191C4D030054DC7B /* CCRelationalExpressionNode.h */ = {isa = PBXFileReference; fileEncoding = 4; lastKnownFileType = sourcecode.c.h; path = CCRelationalExpressionNode.h; sourceTree = "<group>"; };
		F19F04CA191C4D030054DC7B /* CCRelationalExpressionNode.m */ = {isa = PBXFileReference; fileEncoding = 4; lastKnownFileType = sourcecode.c.objc; path = CCRelationalExpressionNode.m; sourceTree = "<group>"; };
		F19F04CD191C4DDB0054DC7B /* CCCompareOperatorNode.h */ = {isa = PBXFileReference; fileEncoding = 4; lastKnownFileType = sourcecode.c.h; path = CCCompareOperatorNode.h; sourceTree = "<group>"; };
		F19F04CE191C4DDB0054DC7B /* CCCompareOperatorNode.m */ = {isa = PBXFileReference; fileEncoding = 4; lastKnownFileType = sourcecode.c.objc; lineEnding = 0; path = CCCompareOperatorNode.m; sourceTree = "<group>"; xcLanguageSpecificationIdentifier = xcode.lang.objc; };
		F19F04D1191C4E800054DC7B /* CCShiftExpressionNode.h */ = {isa = PBXFileReference; fileEncoding = 4; lastKnownFileType = sourcecode.c.h; path = CCShiftExpressionNode.h; sourceTree = "<group>"; };
		F19F04D2191C4E800054DC7B /* CCShiftExpressionNode.m */ = {isa = PBXFileReference; fileEncoding = 4; lastKnownFileType = sourcecode.c.objc; path = CCShiftExpressionNode.m; sourceTree = "<group>"; };
		F19F04D5191C4F080054DC7B /* CCShiftOperatorNode.h */ = {isa = PBXFileReference; fileEncoding = 4; lastKnownFileType = sourcecode.c.h; path = CCShiftOperatorNode.h; sourceTree = "<group>"; };
		F19F04D6191C4F080054DC7B /* CCShiftOperatorNode.m */ = {isa = PBXFileReference; fileEncoding = 4; lastKnownFileType = sourcecode.c.objc; path = CCShiftOperatorNode.m; sourceTree = "<group>"; };
		F19F04D9191C51B50054DC7B /* CCAdditiveExpressionNode.h */ = {isa = PBXFileReference; fileEncoding = 4; lastKnownFileType = sourcecode.c.h; path = CCAdditiveExpressionNode.h; sourceTree = "<group>"; };
		F19F04DA191C51B50054DC7B /* CCAdditiveExpressionNode.m */ = {isa = PBXFileReference; fileEncoding = 4; lastKnownFileType = sourcecode.c.objc; lineEnding = 0; path = CCAdditiveExpressionNode.m; sourceTree = "<group>"; xcLanguageSpecificationIdentifier = xcode.lang.objc; };
		F19F04DD191C524F0054DC7B /* CCAdditiveOperatorNode.h */ = {isa = PBXFileReference; fileEncoding = 4; lastKnownFileType = sourcecode.c.h; path = CCAdditiveOperatorNode.h; sourceTree = "<group>"; };
		F19F04DE191C524F0054DC7B /* CCAdditiveOperatorNode.m */ = {isa = PBXFileReference; fileEncoding = 4; lastKnownFileType = sourcecode.c.objc; lineEnding = 0; path = CCAdditiveOperatorNode.m; sourceTree = "<group>"; xcLanguageSpecificationIdentifier = xcode.lang.objc; };
		F19F04E1191C53AF0054DC7B /* CCMultiplicativeExpressionNode.h */ = {isa = PBXFileReference; fileEncoding = 4; lastKnownFileType = sourcecode.c.h; path = CCMultiplicativeExpressionNode.h; sourceTree = "<group>"; };
		F19F04E2191C53AF0054DC7B /* CCMultiplicativeExpressionNode.m */ = {isa = PBXFileReference; fileEncoding = 4; lastKnownFileType = sourcecode.c.objc; path = CCMultiplicativeExpressionNode.m; sourceTree = "<group>"; };
		F19F04E5191C54C10054DC7B /* CCMultiplicativeOperatorNode.h */ = {isa = PBXFileReference; fileEncoding = 4; lastKnownFileType = sourcecode.c.h; path = CCMultiplicativeOperatorNode.h; sourceTree = "<group>"; };
		F19F04E6191C54C10054DC7B /* CCMultiplicativeOperatorNode.m */ = {isa = PBXFileReference; fileEncoding = 4; lastKnownFileType = sourcecode.c.objc; path = CCMultiplicativeOperatorNode.m; sourceTree = "<group>"; };
		F19F04E9191C57040054DC7B /* CCExpressionNode.h */ = {isa = PBXFileReference; fileEncoding = 4; lastKnownFileType = sourcecode.c.h; path = CCExpressionNode.h; sourceTree = "<group>"; };
		F19F04EA191C57040054DC7B /* CCExpressionNode.m */ = {isa = PBXFileReference; fileEncoding = 4; lastKnownFileType = sourcecode.c.objc; lineEnding = 0; path = CCExpressionNode.m; sourceTree = "<group>"; xcLanguageSpecificationIdentifier = xcode.lang.objc; };
		F19F04ED191C57A20054DC7B /* CCPostfixExpressionNode.h */ = {isa = PBXFileReference; fileEncoding = 4; lastKnownFileType = sourcecode.c.h; path = CCPostfixExpressionNode.h; sourceTree = "<group>"; };
		F19F04EE191C57A20054DC7B /* CCPostfixExpressionNode.m */ = {isa = PBXFileReference; fileEncoding = 4; lastKnownFileType = sourcecode.c.objc; path = CCPostfixExpressionNode.m; sourceTree = "<group>"; };
		F19F04F1191C58620054DC7B /* CCPostfixOperatorNode.h */ = {isa = PBXFileReference; fileEncoding = 4; lastKnownFileType = sourcecode.c.h; path = CCPostfixOperatorNode.h; sourceTree = "<group>"; };
		F19F04F2191C58620054DC7B /* CCPostfixOperatorNode.m */ = {isa = PBXFileReference; fileEncoding = 4; lastKnownFileType = sourcecode.c.objc; path = CCPostfixOperatorNode.m; sourceTree = "<group>"; };
		F19F04F5191C59AB0054DC7B /* CCPrimaryExpressionNode.h */ = {isa = PBXFileReference; fileEncoding = 4; lastKnownFileType = sourcecode.c.h; path = CCPrimaryExpressionNode.h; sourceTree = "<group>"; };
		F19F04F6191C59AB0054DC7B /* CCPrimaryExpressionNode.m */ = {isa = PBXFileReference; fileEncoding = 4; lastKnownFileType = sourcecode.c.objc; path = CCPrimaryExpressionNode.m; sourceTree = "<group>"; };
		F19F04F9191C5B100054DC7B /* CCArgumentExpressionListNode.h */ = {isa = PBXFileReference; fileEncoding = 4; lastKnownFileType = sourcecode.c.h; path = CCArgumentExpressionListNode.h; sourceTree = "<group>"; };
		F19F04FA191C5B100054DC7B /* CCArgumentExpressionListNode.m */ = {isa = PBXFileReference; fileEncoding = 4; lastKnownFileType = sourcecode.c.objc; lineEnding = 0; path = CCArgumentExpressionListNode.m; sourceTree = "<group>"; xcLanguageSpecificationIdentifier = xcode.lang.objc; };
		F19F04FD191C5B650054DC7B /* CCConstNode.h */ = {isa = PBXFileReference; fileEncoding = 4; lastKnownFileType = sourcecode.c.h; path = CCConstNode.h; sourceTree = "<group>"; };
		F19F04FE191C5B650054DC7B /* CCConstNode.m */ = {isa = PBXFileReference; fileEncoding = 4; lastKnownFileType = sourcecode.c.objc; lineEnding = 0; path = CCConstNode.m; sourceTree = "<group>"; xcLanguageSpecificationIdentifier = xcode.lang.objc; };
		F19F0501191C5BFE0054DC7B /* CCUnaryOperatorNode.h */ = {isa = PBXFileReference; fileEncoding = 4; lastKnownFileType = sourcecode.c.h; path = CCUnaryOperatorNode.h; sourceTree = "<group>"; };
		F19F0502191C5BFE0054DC7B /* CCUnaryOperatorNode.m */ = {isa = PBXFileReference; fileEncoding = 4; lastKnownFileType = sourcecode.c.objc; path = CCUnaryOperatorNode.m; sourceTree = "<group>"; };
		F19F0505191C5C820054DC7B /* CCStringNode.h */ = {isa = PBXFileReference; fileEncoding = 4; lastKnownFileType = sourcecode.c.h; path = CCStringNode.h; sourceTree = "<group>"; };
		F19F0506191C5C820054DC7B /* CCStringNode.m */ = {isa = PBXFileReference; fileEncoding = 4; lastKnownFileType = sourcecode.c.objc; path = CCStringNode.m; sourceTree = "<group>"; };
		F19F0509191C5D700054DC7B /* CCIdentifierNode.h */ = {isa = PBXFileReference; fileEncoding = 4; lastKnownFileType = sourcecode.c.h; path = CCIdentifierNode.h; sourceTree = "<group>"; };
		F19F050A191C5D700054DC7B /* CCIdentifierNode.m */ = {isa = PBXFileReference; fileEncoding = 4; lastKnownFileType = sourcecode.c.objc; path = CCIdentifierNode.m; sourceTree = "<group>"; };
		F19F050E191CBFC30054DC7B /* CCNodes.h */ = {isa = PBXFileReference; lastKnownFileType = sourcecode.c.h; path = CCNodes.h; sourceTree = "<group>"; };
		F19F0513191CCDB20054DC7B /* CCSyntaxTree.h */ = {isa = PBXFileReference; fileEncoding = 4; lastKnownFileType = sourcecode.c.h; path = CCSyntaxTree.h; sourceTree = "<group>"; };
		F19F0514191CCDB20054DC7B /* CCSyntaxTree.m */ = {isa = PBXFileReference; fileEncoding = 4; lastKnownFileType = sourcecode.c.objc; path = CCSyntaxTree.m; sourceTree = "<group>"; };
		F1BA354B191040D8004992EC /* CCParser.h */ = {isa = PBXFileReference; lastKnownFileType = sourcecode.c.h; path = CCParser.h; sourceTree = "<group>"; };
		F1BA354C1910442E004992EC /* CCParserInterface.h */ = {isa = PBXFileReference; lastKnownFileType = sourcecode.c.h; path = CCParserInterface.h; sourceTree = "<group>"; };
		F1C3CADF19103A9200608EDD /* CCBisonInput */ = {isa = PBXFileReference; lastKnownFileType = text; path = CCBisonInput; sourceTree = "<group>"; };
		F1C3CAE119103D0B00608EDD /* CCParser.m */ = {isa = PBXFileReference; fileEncoding = 4; lastKnownFileType = sourcecode.c.objc; path = CCParser.m; sourceTree = "<group>"; };
		F1C7C45E18F1864100A4D911 /* CompilerConstruction.app */ = {isa = PBXFileReference; explicitFileType = wrapper.application; includeInIndex = 0; path = CompilerConstruction.app; sourceTree = BUILT_PRODUCTS_DIR; };
		F1C7C46118F1864100A4D911 /* Cocoa.framework */ = {isa = PBXFileReference; lastKnownFileType = wrapper.framework; name = Cocoa.framework; path = System/Library/Frameworks/Cocoa.framework; sourceTree = SDKROOT; };
		F1C7C46418F1864100A4D911 /* AppKit.framework */ = {isa = PBXFileReference; lastKnownFileType = wrapper.framework; name = AppKit.framework; path = System/Library/Frameworks/AppKit.framework; sourceTree = SDKROOT; };
		F1C7C46518F1864100A4D911 /* CoreData.framework */ = {isa = PBXFileReference; lastKnownFileType = wrapper.framework; name = CoreData.framework; path = System/Library/Frameworks/CoreData.framework; sourceTree = SDKROOT; };
		F1C7C46618F1864100A4D911 /* Foundation.framework */ = {isa = PBXFileReference; lastKnownFileType = wrapper.framework; name = Foundation.framework; path = System/Library/Frameworks/Foundation.framework; sourceTree = SDKROOT; };
		F1C7C46918F1864100A4D911 /* CompilerConstruction-Info.plist */ = {isa = PBXFileReference; lastKnownFileType = text.plist.xml; path = "CompilerConstruction-Info.plist"; sourceTree = "<group>"; };
		F1C7C46B18F1864100A4D911 /* en */ = {isa = PBXFileReference; lastKnownFileType = text.plist.strings; name = en; path = en.lproj/InfoPlist.strings; sourceTree = "<group>"; };
		F1C7C46D18F1864100A4D911 /* main.m */ = {isa = PBXFileReference; lastKnownFileType = sourcecode.c.objc; path = main.m; sourceTree = "<group>"; };
		F1C7C46F18F1864100A4D911 /* CompilerConstruction-Prefix.pch */ = {isa = PBXFileReference; lastKnownFileType = sourcecode.c.h; path = "CompilerConstruction-Prefix.pch"; sourceTree = "<group>"; };
		F1C7C47118F1864100A4D911 /* en */ = {isa = PBXFileReference; lastKnownFileType = text.rtf; name = en; path = en.lproj/Credits.rtf; sourceTree = "<group>"; };
		F1C7C47318F1864100A4D911 /* CCAppDelegate.h */ = {isa = PBXFileReference; lastKnownFileType = sourcecode.c.h; path = CCAppDelegate.h; sourceTree = "<group>"; };
		F1C7C47418F1864100A4D911 /* CCAppDelegate.m */ = {isa = PBXFileReference; lastKnownFileType = sourcecode.c.objc; path = CCAppDelegate.m; sourceTree = "<group>"; };
		F1C7C47718F1864100A4D911 /* Base */ = {isa = PBXFileReference; lastKnownFileType = file.xib; name = Base; path = Base.lproj/MainMenu.xib; sourceTree = "<group>"; };
		F1C7C47918F1864100A4D911 /* Images.xcassets */ = {isa = PBXFileReference; lastKnownFileType = folder.assetcatalog; path = Images.xcassets; sourceTree = "<group>"; };
		F1C7C47F18F1864100A4D911 /* CompilerConstructionTests.xctest */ = {isa = PBXFileReference; explicitFileType = wrapper.cfbundle; includeInIndex = 0; path = CompilerConstructionTests.xctest; sourceTree = BUILT_PRODUCTS_DIR; };
		F1C7C48018F1864100A4D911 /* XCTest.framework */ = {isa = PBXFileReference; lastKnownFileType = wrapper.framework; name = XCTest.framework; path = Library/Frameworks/XCTest.framework; sourceTree = DEVELOPER_DIR; };
		F1C7C48718F1864100A4D911 /* CompilerConstructionTests-Info.plist */ = {isa = PBXFileReference; lastKnownFileType = text.plist.xml; path = "CompilerConstructionTests-Info.plist"; sourceTree = "<group>"; };
		F1C7C48918F1864100A4D911 /* en */ = {isa = PBXFileReference; lastKnownFileType = text.plist.strings; name = en; path = en.lproj/InfoPlist.strings; sourceTree = "<group>"; };
		F1C7C48B18F1864100A4D911 /* CompilerConstructionTests.m */ = {isa = PBXFileReference; lastKnownFileType = sourcecode.c.objc; path = CompilerConstructionTests.m; sourceTree = "<group>"; };
		F1D30AD3191E4FE300AC3B49 /* CCSyntaxNode+Private.h */ = {isa = PBXFileReference; fileEncoding = 4; lastKnownFileType = sourcecode.c.h; path = "CCSyntaxNode+Private.h"; sourceTree = "<group>"; };
		F1D3EDC718F189A40063EC76 /* CCFlexInput */ = {isa = PBXFileReference; lastKnownFileType = text; path = CCFlexInput; sourceTree = "<group>"; };
		F1D3EDCA18F189C10063EC76 /* CCScanner.m */ = {isa = PBXFileReference; fileEncoding = 4; lastKnownFileType = sourcecode.c.objc; path = CCScanner.m; sourceTree = "<group>"; };
		F1D3EDDA18F198020063EC76 /* CCUIController.h */ = {isa = PBXFileReference; fileEncoding = 4; lastKnownFileType = sourcecode.c.h; path = CCUIController.h; sourceTree = "<group>"; };
		F1D3EDDB18F198020063EC76 /* CCUIController.m */ = {isa = PBXFileReference; fileEncoding = 4; lastKnownFileType = sourcecode.c.objc; path = CCUIController.m; sourceTree = "<group>"; };
		F1D3EDE318F1A3D50063EC76 /* CCScanner.h */ = {isa = PBXFileReference; lastKnownFileType = sourcecode.c.h; path = CCScanner.h; sourceTree = "<group>"; };
		F1D3EDE418F1A42F0063EC76 /* CCOutput.h */ = {isa = PBXFileReference; fileEncoding = 4; lastKnownFileType = sourcecode.c.h; path = CCOutput.h; sourceTree = "<group>"; };
/* End PBXFileReference section */

/* Begin PBXFrameworksBuildPhase section */
		F1C7C45B18F1864100A4D911 /* Frameworks */ = {
			isa = PBXFrameworksBuildPhase;
			buildActionMask = 2147483647;
			files = (
				F1C7C46218F1864100A4D911 /* Cocoa.framework in Frameworks */,
			);
			runOnlyForDeploymentPostprocessing = 0;
		};
		F1C7C47C18F1864100A4D911 /* Frameworks */ = {
			isa = PBXFrameworksBuildPhase;
			buildActionMask = 2147483647;
			files = (
				F1C7C48218F1864100A4D911 /* Cocoa.framework in Frameworks */,
				F1C7C48118F1864100A4D911 /* XCTest.framework in Frameworks */,
			);
			runOnlyForDeploymentPostprocessing = 0;
		};
/* End PBXFrameworksBuildPhase section */

/* Begin PBXGroup section */
		DC8050A71917BE9700B7C594 /* SymbolTable */ = {
			isa = PBXGroup;
			children = (
				DC8050A81917BEB600B7C594 /* CCSymbolTable.h */,
				DC8050A91917BEB600B7C594 /* CCSymbolTable.m */,
				DCAE2E4E191A57E5006F4F6B /* CCSymbol.h */,
				DCAE2E4F191A57E5006F4F6B /* CCSymbol.m */,
				DCAE2E52191A59A6006F4F6B /* CCSymbolReference.h */,
				DCAE2E53191A59A6006F4F6B /* CCSymbolReference.m */,
			);
			name = SymbolTable;
			sourceTree = "<group>";
		};
		F177289E1918E839005AE753 /* SyntaxTree */ = {
			isa = PBXGroup;
			children = (
				F19F0513191CCDB20054DC7B /* CCSyntaxTree.h */,
				F19F0514191CCDB20054DC7B /* CCSyntaxTree.m */,
				F19F050F191CCD3F0054DC7B /* Nodes */,
			);
			name = SyntaxTree;
			sourceTree = "<group>";
		};
		F19F043A191C27EF0054DC7B /* TranslationUnit */ = {
			isa = PBXGroup;
			children = (
				F19F043B191C28070054DC7B /* CCTranslationUnitNode.h */,
				F19F043C191C28070054DC7B /* CCTranslationUnitNode.m */,
			);
			name = TranslationUnit;
			sourceTree = "<group>";
		};
		F19F0440191C28720054DC7B /* ExternalDeclaration */ = {
			isa = PBXGroup;
			children = (
				F19F0441191C289B0054DC7B /* CCExternalDeclarationNode.h */,
				F19F0442191C289B0054DC7B /* CCExternalDeclarationNode.m */,
			);
			name = ExternalDeclaration;
			sourceTree = "<group>";
		};
		F19F0445191C29640054DC7B /* FunctionDefinition */ = {
			isa = PBXGroup;
			children = (
				F19F0446191C298D0054DC7B /* CCFunctionDefinitionNode.h */,
				F19F0447191C298D0054DC7B /* CCFunctionDefinitionNode.m */,
			);
			name = FunctionDefinition;
			sourceTree = "<group>";
		};
		F19F0449191C2A370054DC7B /* Declaration */ = {
			isa = PBXGroup;
			children = (
				F19F044A191C2A540054DC7B /* CCDeclarationNode.h */,
				F19F044B191C2A540054DC7B /* CCDeclarationNode.m */,
			);
			name = Declaration;
			sourceTree = "<group>";
		};
		F19F044D191C2B620054DC7B /* DeclarationList */ = {
			isa = PBXGroup;
			children = (
				F19F044E191C2B960054DC7B /* CCDeclarationListNode.h */,
				F19F044F191C2B960054DC7B /* CCDeclarationListNode.m */,
			);
			name = DeclarationList;
			sourceTree = "<group>";
		};
		F19F0451191C2BCD0054DC7B /* CompoundStatement */ = {
			isa = PBXGroup;
			children = (
				F19F0452191C2C420054DC7B /* CCCompoundStatementNode.h */,
				F19F0453191C2C420054DC7B /* CCCompoundStatementNode.m */,
			);
			name = CompoundStatement;
			sourceTree = "<group>";
		};
		F19F0455191C2C9D0054DC7B /* StatementList */ = {
			isa = PBXGroup;
			children = (
				F19F0456191C2CAD0054DC7B /* CCStatementListNode.h */,
				F19F0457191C2CAD0054DC7B /* CCStatementListNode.m */,
			);
			name = StatementList;
			sourceTree = "<group>";
		};
		F19F0459191C2D020054DC7B /* Statement */ = {
			isa = PBXGroup;
			children = (
				F19F045A191C2D0F0054DC7B /* CCStatementNode.h */,
				F19F045B191C2D0F0054DC7B /* CCStatementNode.m */,
			);
			name = Statement;
			sourceTree = "<group>";
		};
		F19F045D191C2E840054DC7B /* LabeledStatement */ = {
			isa = PBXGroup;
			children = (
				F19F045E191C2EB50054DC7B /* CCLabeledStatementNode.h */,
				F19F045F191C2EB50054DC7B /* CCLabeledStatementNode.m */,
			);
			name = LabeledStatement;
			sourceTree = "<group>";
		};
		F19F0461191C2F080054DC7B /* ExpressionStatement */ = {
			isa = PBXGroup;
			children = (
				F19F0462191C2F230054DC7B /* CCExpressionStatementNode.h */,
				F19F0463191C2F230054DC7B /* CCExpressionStatementNode.m */,
			);
			name = ExpressionStatement;
			sourceTree = "<group>";
		};
		F19F0465191C2F720054DC7B /* SelectionStatement */ = {
			isa = PBXGroup;
			children = (
				F19F0466191C2F810054DC7B /* CCSelectionStatementNode.h */,
				F19F0467191C2F810054DC7B /* CCSelectionStatementNode.m */,
			);
			name = SelectionStatement;
			sourceTree = "<group>";
		};
		F19F0469191C2FC60054DC7B /* IterationStatement */ = {
			isa = PBXGroup;
			children = (
				F19F046A191C2FD70054DC7B /* CCIterationStatementNode.h */,
				F19F046B191C2FD70054DC7B /* CCIterationStatementNode.m */,
			);
			name = IterationStatement;
			sourceTree = "<group>";
		};
		F19F046D191C31400054DC7B /* JumpStatement */ = {
			isa = PBXGroup;
			children = (
				F19F046E191C31510054DC7B /* CCJumpStatementNode.h */,
				F19F046F191C31510054DC7B /* CCJumpStatementNode.m */,
			);
			name = JumpStatement;
			sourceTree = "<group>";
		};
		F19F0471191C327B0054DC7B /* DeclarationSpecification */ = {
			isa = PBXGroup;
			children = (
				F19F0473191C32990054DC7B /* CCDeclarationSpecificationNode.h */,
				F19F0474191C32990054DC7B /* CCDeclarationSpecificationNode.m */,
			);
			name = DeclarationSpecification;
			sourceTree = "<group>";
		};
		F19F0476191C32E80054DC7B /* TypeSpecification */ = {
			isa = PBXGroup;
			children = (
				F19F0478191C32FB0054DC7B /* CCTypeSpecificationNode.h */,
				F19F0479191C32FB0054DC7B /* CCTypeSpecificationNode.m */,
			);
			name = TypeSpecification;
			sourceTree = "<group>";
		};
		F19F047B191C33B00054DC7B /* InitDeclaratorList */ = {
			isa = PBXGroup;
			children = (
				F19F047C191C33C70054DC7B /* CCInitDeclaratorListNode.h */,
				F19F047D191C33C70054DC7B /* CCInitDeclaratorListNode.m */,
			);
			name = InitDeclaratorList;
			sourceTree = "<group>";
		};
		F19F047F191C34420054DC7B /* InitDeclarator */ = {
			isa = PBXGroup;
			children = (
				F19F0480191C34500054DC7B /* CCInitDeclaratorNode.h */,
				F19F0481191C34500054DC7B /* CCInitDeclaratorNode.m */,
			);
			name = InitDeclarator;
			sourceTree = "<group>";
		};
		F19F0483191C38BE0054DC7B /* Declarator */ = {
			isa = PBXGroup;
			children = (
				F19F0484191C38CF0054DC7B /* CCDeclaratorNode.h */,
				F19F0485191C38CF0054DC7B /* CCDeclaratorNode.m */,
			);
			name = Declarator;
			sourceTree = "<group>";
		};
		F19F0487191C39640054DC7B /* ParameterList */ = {
			isa = PBXGroup;
			children = (
				F19F0488191C39870054DC7B /* CCParameterListNode.h */,
				F19F0489191C39870054DC7B /* CCParameterListNode.m */,
			);
			name = ParameterList;
			sourceTree = "<group>";
		};
		F19F048B191C39DC0054DC7B /* ParameterDeclaration */ = {
			isa = PBXGroup;
			children = (
				F19F048C191C3A0D0054DC7B /* CCParameterDeclarationNode.h */,
				F19F048D191C3A0D0054DC7B /* CCParameterDeclarationNode.m */,
			);
			name = ParameterDeclaration;
			sourceTree = "<group>";
		};
		F19F048F191C3A8F0054DC7B /* Initializer */ = {
			isa = PBXGroup;
			children = (
				F19F0490191C3AA70054DC7B /* CCInitializerNode.h */,
				F19F0491191C3AA70054DC7B /* CCInitializerNode.m */,
			);
			name = Initializer;
			sourceTree = "<group>";
		};
		F19F0493191C3B100054DC7B /* InitializerList */ = {
			isa = PBXGroup;
			children = (
				F19F0494191C3B2B0054DC7B /* CCInitializerListNode.h */,
				F19F0495191C3B2B0054DC7B /* CCInitializerListNode.m */,
			);
			name = InitializerList;
			sourceTree = "<group>";
		};
		F19F0497191C3B620054DC7B /* AssignmentExpression */ = {
			isa = PBXGroup;
			children = (
				F19F0498191C3BAF0054DC7B /* CCAssignmentExpressionNode.h */,
				F19F0499191C3BAF0054DC7B /* CCAssignmentExpressionNode.m */,
			);
			name = AssignmentExpression;
			sourceTree = "<group>";
		};
		F19F049B191C3E420054DC7B /* ConditionalExpression */ = {
			isa = PBXGroup;
			children = (
				F19F049C191C3E5B0054DC7B /* CCConditionalExpressionNode.h */,
				F19F049D191C3E5B0054DC7B /* CCConditionalExpressionNode.m */,
			);
			name = ConditionalExpression;
			sourceTree = "<group>";
		};
		F19F049F191C3FBB0054DC7B /* UnaryExpression */ = {
			isa = PBXGroup;
			children = (
				F19F04A0191C3FCF0054DC7B /* CCUnaryExpressionNode.h */,
				F19F04A1191C3FCF0054DC7B /* CCUnaryExpressionNode.m */,
			);
			name = UnaryExpression;
			sourceTree = "<group>";
		};
		F19F04A3191C418F0054DC7B /* PrefixOperator */ = {
			isa = PBXGroup;
			children = (
				F19F04A4191C41A10054DC7B /* CCPrefixOperatorNode.h */,
				F19F04A5191C41A10054DC7B /* CCPrefixOperatorNode.m */,
			);
			name = PrefixOperator;
			sourceTree = "<group>";
		};
		F19F04A7191C47410054DC7B /* AssignmentOperator */ = {
			isa = PBXGroup;
			children = (
				F19F04A8191C474E0054DC7B /* CCAssignmentOperatorNode.h */,
				F19F04A9191C474E0054DC7B /* CCAssignmentOperatorNode.m */,
			);
			name = AssignmentOperator;
			sourceTree = "<group>";
		};
		F19F04AB191C488D0054DC7B /* LogicalOrExpression */ = {
			isa = PBXGroup;
			children = (
				F19F04AC191C48A30054DC7B /* CCLogicalOrExpressionNode.h */,
				F19F04AD191C48A30054DC7B /* CCLogicalOrExpressionNode.m */,
			);
			name = LogicalOrExpression;
			sourceTree = "<group>";
		};
		F19F04AF191C49280054DC7B /* LogicalAndExpression */ = {
			isa = PBXGroup;
			children = (
				F19F04B0191C49390054DC7B /* CCLogicalAndExpressionNode.h */,
				F19F04B1191C49390054DC7B /* CCLogicalAndExpressionNode.m */,
			);
			name = LogicalAndExpression;
			sourceTree = "<group>";
		};
		F19F04B3191C499E0054DC7B /* InclusiveOrExpression */ = {
			isa = PBXGroup;
			children = (
				F19F04B4191C49AC0054DC7B /* CCInclusiveOrExpressionNode.h */,
				F19F04B5191C49AC0054DC7B /* CCInclusiveOrExpressionNode.m */,
			);
			name = InclusiveOrExpression;
			sourceTree = "<group>";
		};
		F19F04B7191C4A130054DC7B /* ExclusiveOrExpression */ = {
			isa = PBXGroup;
			children = (
				F19F04B8191C4A210054DC7B /* CCExclusiveOrExpressionNode.h */,
				F19F04B9191C4A210054DC7B /* CCExclusiveOrExpressionNode.m */,
			);
			name = ExclusiveOrExpression;
			sourceTree = "<group>";
		};
		F19F04BB191C4B2C0054DC7B /* AndExpression */ = {
			isa = PBXGroup;
			children = (
				F19F04BC191C4B3D0054DC7B /* CCAndExpressionNode.h */,
				F19F04BD191C4B3D0054DC7B /* CCAndExpressionNode.m */,
			);
			name = AndExpression;
			sourceTree = "<group>";
		};
		F19F04BF191C4BB10054DC7B /* EqualityExpression */ = {
			isa = PBXGroup;
			children = (
				F19F04C0191C4BBB0054DC7B /* CCEqualityExpressionNode.h */,
				F19F04C1191C4BBB0054DC7B /* CCEqualityExpressionNode.m */,
			);
			name = EqualityExpression;
			sourceTree = "<group>";
		};
		F19F04C4191C4C8B0054DC7B /* EqualityOperator */ = {
			isa = PBXGroup;
			children = (
				F19F04C5191C4C970054DC7B /* CCEqualityOperatorNode.h */,
				F19F04C6191C4C970054DC7B /* CCEqualityOperatorNode.m */,
			);
			name = EqualityOperator;
			sourceTree = "<group>";
		};
		F19F04C8191C4CF90054DC7B /* RelationalExpression */ = {
			isa = PBXGroup;
			children = (
				F19F04C9191C4D030054DC7B /* CCRelationalExpressionNode.h */,
				F19F04CA191C4D030054DC7B /* CCRelationalExpressionNode.m */,
			);
			name = RelationalExpression;
			sourceTree = "<group>";
		};
		F19F04CC191C4DC70054DC7B /* CompareOperator */ = {
			isa = PBXGroup;
			children = (
				F19F04CD191C4DDB0054DC7B /* CCCompareOperatorNode.h */,
				F19F04CE191C4DDB0054DC7B /* CCCompareOperatorNode.m */,
			);
			name = CompareOperator;
			sourceTree = "<group>";
		};
		F19F04D0191C4E700054DC7B /* ShiftExpression */ = {
			isa = PBXGroup;
			children = (
				F19F04D1191C4E800054DC7B /* CCShiftExpressionNode.h */,
				F19F04D2191C4E800054DC7B /* CCShiftExpressionNode.m */,
			);
			name = ShiftExpression;
			sourceTree = "<group>";
		};
		F19F04D4191C4EFB0054DC7B /* ShiftOperator */ = {
			isa = PBXGroup;
			children = (
				F19F04D5191C4F080054DC7B /* CCShiftOperatorNode.h */,
				F19F04D6191C4F080054DC7B /* CCShiftOperatorNode.m */,
			);
			name = ShiftOperator;
			sourceTree = "<group>";
		};
		F19F04D8191C51A60054DC7B /* AdditiveExpression */ = {
			isa = PBXGroup;
			children = (
				F19F04D9191C51B50054DC7B /* CCAdditiveExpressionNode.h */,
				F19F04DA191C51B50054DC7B /* CCAdditiveExpressionNode.m */,
			);
			name = AdditiveExpression;
			sourceTree = "<group>";
		};
		F19F04DC191C523A0054DC7B /* AdditiveOperator */ = {
			isa = PBXGroup;
			children = (
				F19F04DD191C524F0054DC7B /* CCAdditiveOperatorNode.h */,
				F19F04DE191C524F0054DC7B /* CCAdditiveOperatorNode.m */,
			);
			name = AdditiveOperator;
			sourceTree = "<group>";
		};
		F19F04E0191C53910054DC7B /* MultiplicativeExpression */ = {
			isa = PBXGroup;
			children = (
				F19F04E1191C53AF0054DC7B /* CCMultiplicativeExpressionNode.h */,
				F19F04E2191C53AF0054DC7B /* CCMultiplicativeExpressionNode.m */,
			);
			name = MultiplicativeExpression;
			sourceTree = "<group>";
		};
		F19F04E4191C54B40054DC7B /* MultiplicativeOperator */ = {
			isa = PBXGroup;
			children = (
				F19F04E5191C54C10054DC7B /* CCMultiplicativeOperatorNode.h */,
				F19F04E6191C54C10054DC7B /* CCMultiplicativeOperatorNode.m */,
			);
			name = MultiplicativeOperator;
			sourceTree = "<group>";
		};
		F19F04E8191C56F30054DC7B /* Expression */ = {
			isa = PBXGroup;
			children = (
				F19F04E9191C57040054DC7B /* CCExpressionNode.h */,
				F19F04EA191C57040054DC7B /* CCExpressionNode.m */,
			);
			name = Expression;
			sourceTree = "<group>";
		};
		F19F04EC191C575A0054DC7B /* PostfixExpression */ = {
			isa = PBXGroup;
			children = (
				F19F04ED191C57A20054DC7B /* CCPostfixExpressionNode.h */,
				F19F04EE191C57A20054DC7B /* CCPostfixExpressionNode.m */,
			);
			name = PostfixExpression;
			sourceTree = "<group>";
		};
		F19F04F0191C58560054DC7B /* PostfixOperator */ = {
			isa = PBXGroup;
			children = (
				F19F04F1191C58620054DC7B /* CCPostfixOperatorNode.h */,
				F19F04F2191C58620054DC7B /* CCPostfixOperatorNode.m */,
			);
			name = PostfixOperator;
			sourceTree = "<group>";
		};
		F19F04F4191C59780054DC7B /* PrimaryExpression */ = {
			isa = PBXGroup;
			children = (
				F19F04F5191C59AB0054DC7B /* CCPrimaryExpressionNode.h */,
				F19F04F6191C59AB0054DC7B /* CCPrimaryExpressionNode.m */,
			);
			name = PrimaryExpression;
			sourceTree = "<group>";
		};
		F19F04F8191C5AD10054DC7B /* ArgumentExpressionList */ = {
			isa = PBXGroup;
			children = (
				F19F04F9191C5B100054DC7B /* CCArgumentExpressionListNode.h */,
				F19F04FA191C5B100054DC7B /* CCArgumentExpressionListNode.m */,
			);
			name = ArgumentExpressionList;
			sourceTree = "<group>";
		};
		F19F04FC191C5B590054DC7B /* Const */ = {
			isa = PBXGroup;
			children = (
				F19F04FD191C5B650054DC7B /* CCConstNode.h */,
				F19F04FE191C5B650054DC7B /* CCConstNode.m */,
			);
			name = Const;
			sourceTree = "<group>";
		};
		F19F0500191C5BF00054DC7B /* UnaryOperator */ = {
			isa = PBXGroup;
			children = (
				F19F0501191C5BFE0054DC7B /* CCUnaryOperatorNode.h */,
				F19F0502191C5BFE0054DC7B /* CCUnaryOperatorNode.m */,
			);
			name = UnaryOperator;
			sourceTree = "<group>";
		};
		F19F0504191C5C5A0054DC7B /* String */ = {
			isa = PBXGroup;
			children = (
				F19F0505191C5C820054DC7B /* CCStringNode.h */,
				F19F0506191C5C820054DC7B /* CCStringNode.m */,
			);
			name = String;
			sourceTree = "<group>";
		};
		F19F0508191C5D2F0054DC7B /* Identifier */ = {
			isa = PBXGroup;
			children = (
				F19F0509191C5D700054DC7B /* CCIdentifierNode.h */,
				F19F050A191C5D700054DC7B /* CCIdentifierNode.m */,
			);
			name = Identifier;
			sourceTree = "<group>";
		};
		F19F050F191CCD3F0054DC7B /* Nodes */ = {
			isa = PBXGroup;
			children = (
				F19F050E191CBFC30054DC7B /* CCNodes.h */,
				F19F0437191C26C60054DC7B /* CCSyntaxNode.h */,
				F19F0438191C26C60054DC7B /* CCSyntaxNode.m */,
				F1D30AD3191E4FE300AC3B49 /* CCSyntaxNode+Private.h */,
				F19F043A191C27EF0054DC7B /* TranslationUnit */,
				F19F0440191C28720054DC7B /* ExternalDeclaration */,
				F19F0445191C29640054DC7B /* FunctionDefinition */,
				F19F0449191C2A370054DC7B /* Declaration */,
				F19F044D191C2B620054DC7B /* DeclarationList */,
				F19F0451191C2BCD0054DC7B /* CompoundStatement */,
				F19F0455191C2C9D0054DC7B /* StatementList */,
				F19F0459191C2D020054DC7B /* Statement */,
				F19F045D191C2E840054DC7B /* LabeledStatement */,
				F19F0461191C2F080054DC7B /* ExpressionStatement */,
				F19F0465191C2F720054DC7B /* SelectionStatement */,
				F19F0469191C2FC60054DC7B /* IterationStatement */,
				F19F046D191C31400054DC7B /* JumpStatement */,
				F19F0471191C327B0054DC7B /* DeclarationSpecification */,
				F19F0476191C32E80054DC7B /* TypeSpecification */,
				F19F047B191C33B00054DC7B /* InitDeclaratorList */,
				F19F047F191C34420054DC7B /* InitDeclarator */,
				F19F0483191C38BE0054DC7B /* Declarator */,
				F19F0487191C39640054DC7B /* ParameterList */,
				F19F048B191C39DC0054DC7B /* ParameterDeclaration */,
				F19F048F191C3A8F0054DC7B /* Initializer */,
				F19F0493191C3B100054DC7B /* InitializerList */,
				F19F0497191C3B620054DC7B /* AssignmentExpression */,
				F19F049B191C3E420054DC7B /* ConditionalExpression */,
				F19F049F191C3FBB0054DC7B /* UnaryExpression */,
				F19F04A3191C418F0054DC7B /* PrefixOperator */,
				F19F04A7191C47410054DC7B /* AssignmentOperator */,
				F19F04AB191C488D0054DC7B /* LogicalOrExpression */,
				F19F04AF191C49280054DC7B /* LogicalAndExpression */,
				F19F04B3191C499E0054DC7B /* InclusiveOrExpression */,
				F19F04B7191C4A130054DC7B /* ExclusiveOrExpression */,
				F19F04BB191C4B2C0054DC7B /* AndExpression */,
				F19F04BF191C4BB10054DC7B /* EqualityExpression */,
				F19F04C4191C4C8B0054DC7B /* EqualityOperator */,
				F19F04C8191C4CF90054DC7B /* RelationalExpression */,
				F19F04CC191C4DC70054DC7B /* CompareOperator */,
				F19F04D0191C4E700054DC7B /* ShiftExpression */,
				F19F04D4191C4EFB0054DC7B /* ShiftOperator */,
				F19F04D8191C51A60054DC7B /* AdditiveExpression */,
				F19F04DC191C523A0054DC7B /* AdditiveOperator */,
				F19F04E0191C53910054DC7B /* MultiplicativeExpression */,
				F19F04E4191C54B40054DC7B /* MultiplicativeOperator */,
				F19F04E8191C56F30054DC7B /* Expression */,
				F19F04EC191C575A0054DC7B /* PostfixExpression */,
				F19F04F0191C58560054DC7B /* PostfixOperator */,
				F19F04F4191C59780054DC7B /* PrimaryExpression */,
				F19F04F8191C5AD10054DC7B /* ArgumentExpressionList */,
				F19F04FC191C5B590054DC7B /* Const */,
				F19F0500191C5BF00054DC7B /* UnaryOperator */,
				F19F0504191C5C5A0054DC7B /* String */,
				F19F0508191C5D2F0054DC7B /* Identifier */,
			);
			name = Nodes;
			sourceTree = "<group>";
		};
		F1C3CADC191039CE00608EDD /* Bison */ = {
			isa = PBXGroup;
			children = (
				F1C3CADE191039F100608EDD /* Output */,
				F1C3CADD191039E200608EDD /* Input */,
			);
			name = Bison;
			sourceTree = "<group>";
		};
		F1C3CADD191039E200608EDD /* Input */ = {
			isa = PBXGroup;
			children = (
				F1C3CADF19103A9200608EDD /* CCBisonInput */,
				F1BA354C1910442E004992EC /* CCParserInterface.h */,
			);
			name = Input;
			sourceTree = "<group>";
		};
		F1C3CADE191039F100608EDD /* Output */ = {
			isa = PBXGroup;
			children = (
				F1BA354B191040D8004992EC /* CCParser.h */,
				F1C3CAE119103D0B00608EDD /* CCParser.m */,
				DC088DF3191B76040067486B /* CCParser.output */,
			);
			name = Output;
			sourceTree = "<group>";
		};
		F1C7C45518F1864100A4D911 = {
			isa = PBXGroup;
			children = (
				F1C7C46718F1864100A4D911 /* CompilerConstruction */,
				F1C7C48518F1864100A4D911 /* CompilerConstructionTests */,
				F1C7C46018F1864100A4D911 /* Frameworks */,
				F1C7C45F18F1864100A4D911 /* Products */,
			);
			sourceTree = "<group>";
		};
		F1C7C45F18F1864100A4D911 /* Products */ = {
			isa = PBXGroup;
			children = (
				F1C7C45E18F1864100A4D911 /* CompilerConstruction.app */,
				F1C7C47F18F1864100A4D911 /* CompilerConstructionTests.xctest */,
			);
			name = Products;
			sourceTree = "<group>";
		};
		F1C7C46018F1864100A4D911 /* Frameworks */ = {
			isa = PBXGroup;
			children = (
				F1C7C46118F1864100A4D911 /* Cocoa.framework */,
				F1C7C48018F1864100A4D911 /* XCTest.framework */,
				F1C7C46318F1864100A4D911 /* Other Frameworks */,
			);
			name = Frameworks;
			sourceTree = "<group>";
		};
		F1C7C46318F1864100A4D911 /* Other Frameworks */ = {
			isa = PBXGroup;
			children = (
				F1C7C46418F1864100A4D911 /* AppKit.framework */,
				F1C7C46518F1864100A4D911 /* CoreData.framework */,
				F1C7C46618F1864100A4D911 /* Foundation.framework */,
			);
			name = "Other Frameworks";
			sourceTree = "<group>";
		};
		F1C7C46718F1864100A4D911 /* CompilerConstruction */ = {
			isa = PBXGroup;
			children = (
				F1C7C47318F1864100A4D911 /* CCAppDelegate.h */,
				F1C7C47418F1864100A4D911 /* CCAppDelegate.m */,
				DC088DF9191B893A0067486B /* CCDebug.h */,
				F1D3EDDF18F1988E0063EC76 /* Core */,
				F1C3CADC191039CE00608EDD /* Bison */,
				F1D3EDC618F1898E0063EC76 /* Flex */,
				F1D3EDDE18F198690063EC76 /* Views */,
				F1D3EDDD18F198610063EC76 /* Controllers */,
				F1C7C47918F1864100A4D911 /* Images.xcassets */,
				F1C7C46818F1864100A4D911 /* Supporting Files */,
			);
			path = CompilerConstruction;
			sourceTree = "<group>";
		};
		F1C7C46818F1864100A4D911 /* Supporting Files */ = {
			isa = PBXGroup;
			children = (
				F1C7C46918F1864100A4D911 /* CompilerConstruction-Info.plist */,
				F1C7C46A18F1864100A4D911 /* InfoPlist.strings */,
				F1C7C46D18F1864100A4D911 /* main.m */,
				F1C7C46F18F1864100A4D911 /* CompilerConstruction-Prefix.pch */,
				F1C7C47018F1864100A4D911 /* Credits.rtf */,
			);
			name = "Supporting Files";
			sourceTree = "<group>";
		};
		F1C7C48518F1864100A4D911 /* CompilerConstructionTests */ = {
			isa = PBXGroup;
			children = (
				F1C7C48B18F1864100A4D911 /* CompilerConstructionTests.m */,
				F1C7C48618F1864100A4D911 /* Supporting Files */,
			);
			path = CompilerConstructionTests;
			sourceTree = "<group>";
		};
		F1C7C48618F1864100A4D911 /* Supporting Files */ = {
			isa = PBXGroup;
			children = (
				F1C7C48718F1864100A4D911 /* CompilerConstructionTests-Info.plist */,
				F1C7C48818F1864100A4D911 /* InfoPlist.strings */,
			);
			name = "Supporting Files";
			sourceTree = "<group>";
		};
		F1D3EDC618F1898E0063EC76 /* Flex */ = {
			isa = PBXGroup;
			children = (
				F1D3EDC918F189B00063EC76 /* Output */,
				F1D3EDC818F189AA0063EC76 /* Input */,
			);
			name = Flex;
			sourceTree = "<group>";
		};
		F1D3EDC818F189AA0063EC76 /* Input */ = {
			isa = PBXGroup;
			children = (
				F1D3EDC718F189A40063EC76 /* CCFlexInput */,
			);
			name = Input;
			sourceTree = "<group>";
		};
		F1D3EDC918F189B00063EC76 /* Output */ = {
			isa = PBXGroup;
			children = (
				F1D3EDE318F1A3D50063EC76 /* CCScanner.h */,
				F1D3EDCA18F189C10063EC76 /* CCScanner.m */,
			);
			name = Output;
			sourceTree = "<group>";
		};
		F1D3EDDD18F198610063EC76 /* Controllers */ = {
			isa = PBXGroup;
			children = (
				F1D3EDDA18F198020063EC76 /* CCUIController.h */,
				F1D3EDDB18F198020063EC76 /* CCUIController.m */,
			);
			name = Controllers;
			sourceTree = "<group>";
		};
		F1D3EDDE18F198690063EC76 /* Views */ = {
			isa = PBXGroup;
			children = (
				F1C7C47618F1864100A4D911 /* MainMenu.xib */,
			);
			name = Views;
			sourceTree = "<group>";
		};
		F1D3EDDF18F1988E0063EC76 /* Core */ = {
			isa = PBXGroup;
			children = (
				F177289E1918E839005AE753 /* SyntaxTree */,
				DC8050A71917BE9700B7C594 /* SymbolTable */,
				F1D3EDE018F199500063EC76 /* Output */,
			);
			name = Core;
			sourceTree = "<group>";
		};
		F1D3EDE018F199500063EC76 /* Output */ = {
			isa = PBXGroup;
			children = (
				F1D3EDE418F1A42F0063EC76 /* CCOutput.h */,
			);
			name = Output;
			sourceTree = "<group>";
		};
/* End PBXGroup section */

/* Begin PBXNativeTarget section */
		F1C7C45D18F1864100A4D911 /* CompilerConstruction */ = {
			isa = PBXNativeTarget;
			buildConfigurationList = F1C7C48F18F1864100A4D911 /* Build configuration list for PBXNativeTarget "CompilerConstruction" */;
			buildPhases = (
				F1C7C45A18F1864100A4D911 /* Sources */,
				F1C7C45B18F1864100A4D911 /* Frameworks */,
				F1C7C45C18F1864100A4D911 /* Resources */,
			);
			buildRules = (
			);
			dependencies = (
				F1D3EDD218F18AD40063EC76 /* PBXTargetDependency */,
			);
			name = CompilerConstruction;
			productName = CompilerConstruction;
			productReference = F1C7C45E18F1864100A4D911 /* CompilerConstruction.app */;
			productType = "com.apple.product-type.application";
		};
		F1C7C47E18F1864100A4D911 /* CompilerConstructionTests */ = {
			isa = PBXNativeTarget;
			buildConfigurationList = F1C7C49218F1864100A4D911 /* Build configuration list for PBXNativeTarget "CompilerConstructionTests" */;
			buildPhases = (
				F1C7C47B18F1864100A4D911 /* Sources */,
				F1C7C47C18F1864100A4D911 /* Frameworks */,
				F1C7C47D18F1864100A4D911 /* Resources */,
			);
			buildRules = (
			);
			dependencies = (
				F1C7C48418F1864100A4D911 /* PBXTargetDependency */,
			);
			name = CompilerConstructionTests;
			productName = CompilerConstructionTests;
			productReference = F1C7C47F18F1864100A4D911 /* CompilerConstructionTests.xctest */;
			productType = "com.apple.product-type.bundle.unit-test";
		};
/* End PBXNativeTarget section */

/* Begin PBXProject section */
		F1C7C45618F1864100A4D911 /* Project object */ = {
			isa = PBXProject;
			attributes = {
				CLASSPREFIX = CC;
				LastUpgradeCheck = 0510;
				ORGANIZATIONNAME = "Thorsten Kober";
				TargetAttributes = {
					F1C7C47E18F1864100A4D911 = {
						TestTargetID = F1C7C45D18F1864100A4D911;
					};
				};
			};
			buildConfigurationList = F1C7C45918F1864100A4D911 /* Build configuration list for PBXProject "CompilerConstruction" */;
			compatibilityVersion = "Xcode 3.2";
			developmentRegion = English;
			hasScannedForEncodings = 0;
			knownRegions = (
				en,
				Base,
			);
			mainGroup = F1C7C45518F1864100A4D911;
			productRefGroup = F1C7C45F18F1864100A4D911 /* Products */;
			projectDirPath = "";
			projectRoot = "";
			targets = (
				F1C7C45D18F1864100A4D911 /* CompilerConstruction */,
				F1C7C47E18F1864100A4D911 /* CompilerConstructionTests */,
				F1D3EDCD18F18ACC0063EC76 /* FlexAndBison */,
			);
		};
/* End PBXProject section */

/* Begin PBXResourcesBuildPhase section */
		F1C7C45C18F1864100A4D911 /* Resources */ = {
			isa = PBXResourcesBuildPhase;
			buildActionMask = 2147483647;
			files = (
				F1C7C46C18F1864100A4D911 /* InfoPlist.strings in Resources */,
				F1C7C47A18F1864100A4D911 /* Images.xcassets in Resources */,
				F1C7C47218F1864100A4D911 /* Credits.rtf in Resources */,
				F1C7C47818F1864100A4D911 /* MainMenu.xib in Resources */,
				DC088DF4191B76040067486B /* CCParser.output in Resources */,
			);
			runOnlyForDeploymentPostprocessing = 0;
		};
		F1C7C47D18F1864100A4D911 /* Resources */ = {
			isa = PBXResourcesBuildPhase;
			buildActionMask = 2147483647;
			files = (
				F1C7C48A18F1864100A4D911 /* InfoPlist.strings in Resources */,
			);
			runOnlyForDeploymentPostprocessing = 0;
		};
/* End PBXResourcesBuildPhase section */

/* Begin PBXShellScriptBuildPhase section */
		F1C3CAE019103AD400608EDD /* Generate Bison */ = {
			isa = PBXShellScriptBuildPhase;
			buildActionMask = 2147483647;
			files = (
			);
			inputPaths = (
			);
			name = "Generate Bison";
			outputPaths = (
			);
			runOnlyForDeploymentPostprocessing = 0;
			shellPath = /bin/sh;
			shellScript = "bison -d -o \"$SRCROOT/CompilerConstruction/CCParser.h\" \"$SRCROOT/CompilerConstruction/CCBisonInput\"\ncat \"$SRCROOT/CompilerConstruction/CCParserInterface.h\" \"$SRCROOT/CompilerConstruction/CCParser.h\" > \"$SRCROOT/CompilerConstruction/_CCParser.h\"\nrm \"$SRCROOT/CompilerConstruction/CCParser.h\"\nmv \"$SRCROOT/CompilerConstruction/_CCParser.h\" \"$SRCROOT/CompilerConstruction/CCParser.h\"\n\nbison -v -o \"$SRCROOT/CompilerConstruction/CCParser.m\" \"$SRCROOT/CompilerConstruction/CCBisonInput\"";
			showEnvVarsInLog = 0;
		};
		F1D3EDD318F18ADD0063EC76 /* Generate Flex */ = {
			isa = PBXShellScriptBuildPhase;
			buildActionMask = 2147483647;
			files = (
			);
			inputPaths = (
			);
			name = "Generate Flex";
			outputPaths = (
			);
			runOnlyForDeploymentPostprocessing = 0;
			shellPath = /bin/sh;
			shellScript = "flex -o \"$SRCROOT/CompilerConstruction/CCScanner.m\" --header-file=\"$SRCROOT/CompilerConstruction/CCScanner.h\" \"$SRCROOT/CompilerConstruction/CCFlexInput\"";
			showEnvVarsInLog = 0;
		};
/* End PBXShellScriptBuildPhase section */

/* Begin PBXSourcesBuildPhase section */
		F1C7C45A18F1864100A4D911 /* Sources */ = {
			isa = PBXSourcesBuildPhase;
			buildActionMask = 2147483647;
			files = (
				F19F043D191C28070054DC7B /* CCTranslationUnitNode.m in Sources */,
				F19F0492191C3AA70054DC7B /* CCInitializerNode.m in Sources */,
				F19F0450191C2B960054DC7B /* CCDeclarationListNode.m in Sources */,
				F19F048A191C39870054DC7B /* CCParameterListNode.m in Sources */,
				F19F04F7191C59AB0054DC7B /* CCPrimaryExpressionNode.m in Sources */,
				F1C3CAE219103D0B00608EDD /* CCParser.m in Sources */,
				DCAE2E54191A59A6006F4F6B /* CCSymbolReference.m in Sources */,
				F19F04D7191C4F080054DC7B /* CCShiftOperatorNode.m in Sources */,
				F19F04EF191C57A20054DC7B /* CCPostfixExpressionNode.m in Sources */,
				F19F0475191C32990054DC7B /* CCDeclarationSpecificationNode.m in Sources */,
				F19F04BA191C4A210054DC7B /* CCExclusiveOrExpressionNode.m in Sources */,
				F19F049A191C3BAF0054DC7B /* CCAssignmentExpressionNode.m in Sources */,
				F19F04F3191C58620054DC7B /* CCPostfixOperatorNode.m in Sources */,
				F19F04AA191C474E0054DC7B /* CCAssignmentOperatorNode.m in Sources */,
				F19F0448191C298D0054DC7B /* CCFunctionDefinitionNode.m in Sources */,
				F19F04A6191C41A10054DC7B /* CCPrefixOperatorNode.m in Sources */,
				F19F044C191C2A540054DC7B /* CCDeclarationNode.m in Sources */,
				F19F0439191C26C60054DC7B /* CCSyntaxNode.m in Sources */,
				F19F047A191C32FB0054DC7B /* CCTypeSpecificationNode.m in Sources */,
				F19F04D3191C4E800054DC7B /* CCShiftExpressionNode.m in Sources */,
				F19F04B6191C49AC0054DC7B /* CCInclusiveOrExpressionNode.m in Sources */,
				F19F0486191C38CF0054DC7B /* CCDeclaratorNode.m in Sources */,
				F1C7C47518F1864100A4D911 /* CCAppDelegate.m in Sources */,
				F19F046C191C2FD70054DC7B /* CCIterationStatementNode.m in Sources */,
				F19F050B191C5D700054DC7B /* CCIdentifierNode.m in Sources */,
				F19F0470191C31510054DC7B /* CCJumpStatementNode.m in Sources */,
				DC8050AA1917BEB600B7C594 /* CCSymbolTable.m in Sources */,
				F19F048E191C3A0D0054DC7B /* CCParameterDeclarationNode.m in Sources */,
				F19F0507191C5C820054DC7B /* CCStringNode.m in Sources */,
				F19F04BE191C4B3D0054DC7B /* CCAndExpressionNode.m in Sources */,
				F19F04C2191C4BBB0054DC7B /* CCEqualityExpressionNode.m in Sources */,
				F19F0454191C2C420054DC7B /* CCCompoundStatementNode.m in Sources */,
				F19F04DB191C51B50054DC7B /* CCAdditiveExpressionNode.m in Sources */,
				F19F0443191C289B0054DC7B /* CCExternalDeclarationNode.m in Sources */,
				F19F04CB191C4D030054DC7B /* CCRelationalExpressionNode.m in Sources */,
				F19F047E191C33C70054DC7B /* CCInitDeclaratorListNode.m in Sources */,
				F19F04CF191C4DDB0054DC7B /* CCCompareOperatorNode.m in Sources */,
				F19F0468191C2F810054DC7B /* CCSelectionStatementNode.m in Sources */,
				F19F04A2191C3FCF0054DC7B /* CCUnaryExpressionNode.m in Sources */,
				F19F0503191C5BFE0054DC7B /* CCUnaryOperatorNode.m in Sources */,
				F19F04E3191C53AF0054DC7B /* CCMultiplicativeExpressionNode.m in Sources */,
				F19F0458191C2CAD0054DC7B /* CCStatementListNode.m in Sources */,
				F19F045C191C2D0F0054DC7B /* CCStatementNode.m in Sources */,
				F19F04DF191C524F0054DC7B /* CCAdditiveOperatorNode.m in Sources */,
				F1D3EDCB18F189C10063EC76 /* CCScanner.m in Sources */,
				F19F0482191C34500054DC7B /* CCInitDeclaratorNode.m in Sources */,
				F19F0464191C2F230054DC7B /* CCExpressionStatementNode.m in Sources */,
				F19F04FB191C5B100054DC7B /* CCArgumentExpressionListNode.m in Sources */,
				F19F0515191CCDB20054DC7B /* CCSyntaxTree.m in Sources */,
				F1C7C46E18F1864100A4D911 /* main.m in Sources */,
				F19F0460191C2EB50054DC7B /* CCLabeledStatementNode.m in Sources */,
				DCAE2E50191A57E5006F4F6B /* CCSymbol.m in Sources */,
				F19F04EB191C57040054DC7B /* CCExpressionNode.m in Sources */,
				F19F04E7191C54C10054DC7B /* CCMultiplicativeOperatorNode.m in Sources */,
				F19F0496191C3B2B0054DC7B /* CCInitializerListNode.m in Sources */,
				F19F049E191C3E5B0054DC7B /* CCConditionalExpressionNode.m in Sources */,
				F19F04AE191C48A30054DC7B /* CCLogicalOrExpressionNode.m in Sources */,
				F19F04C7191C4C970054DC7B /* CCEqualityOperatorNode.m in Sources */,
				F19F04B2191C49390054DC7B /* CCLogicalAndExpressionNode.m in Sources */,
				F1D3EDDC18F198020063EC76 /* CCUIController.m in Sources */,
				F19F04FF191C5B650054DC7B /* CCConstNode.m in Sources */,
			);
			runOnlyForDeploymentPostprocessing = 0;
		};
		F1C7C47B18F1864100A4D911 /* Sources */ = {
			isa = PBXSourcesBuildPhase;
			buildActionMask = 2147483647;
			files = (
				F1C7C48C18F1864100A4D911 /* CompilerConstructionTests.m in Sources */,
			);
			runOnlyForDeploymentPostprocessing = 0;
		};
/* End PBXSourcesBuildPhase section */

/* Begin PBXTargetDependency section */
		F1C7C48418F1864100A4D911 /* PBXTargetDependency */ = {
			isa = PBXTargetDependency;
			target = F1C7C45D18F1864100A4D911 /* CompilerConstruction */;
			targetProxy = F1C7C48318F1864100A4D911 /* PBXContainerItemProxy */;
		};
		F1D3EDD218F18AD40063EC76 /* PBXTargetDependency */ = {
			isa = PBXTargetDependency;
			target = F1D3EDCD18F18ACC0063EC76 /* FlexAndBison */;
			targetProxy = F1D3EDD118F18AD40063EC76 /* PBXContainerItemProxy */;
		};
/* End PBXTargetDependency section */

/* Begin PBXVariantGroup section */
		F1C7C46A18F1864100A4D911 /* InfoPlist.strings */ = {
			isa = PBXVariantGroup;
			children = (
				F1C7C46B18F1864100A4D911 /* en */,
			);
			name = InfoPlist.strings;
			sourceTree = "<group>";
		};
		F1C7C47018F1864100A4D911 /* Credits.rtf */ = {
			isa = PBXVariantGroup;
			children = (
				F1C7C47118F1864100A4D911 /* en */,
			);
			name = Credits.rtf;
			sourceTree = "<group>";
		};
		F1C7C47618F1864100A4D911 /* MainMenu.xib */ = {
			isa = PBXVariantGroup;
			children = (
				F1C7C47718F1864100A4D911 /* Base */,
			);
			name = MainMenu.xib;
			sourceTree = "<group>";
		};
		F1C7C48818F1864100A4D911 /* InfoPlist.strings */ = {
			isa = PBXVariantGroup;
			children = (
				F1C7C48918F1864100A4D911 /* en */,
			);
			name = InfoPlist.strings;
			sourceTree = "<group>";
		};
/* End PBXVariantGroup section */

/* Begin XCBuildConfiguration section */
		F1C7C48D18F1864100A4D911 /* Debug */ = {
			isa = XCBuildConfiguration;
			buildSettings = {
				ALWAYS_SEARCH_USER_PATHS = NO;
				CLANG_CXX_LANGUAGE_STANDARD = "gnu++0x";
				CLANG_CXX_LIBRARY = "libc++";
				CLANG_ENABLE_MODULES = YES;
				CLANG_ENABLE_OBJC_ARC = YES;
				CLANG_WARN_BOOL_CONVERSION = YES;
				CLANG_WARN_CONSTANT_CONVERSION = YES;
				CLANG_WARN_DIRECT_OBJC_ISA_USAGE = YES_ERROR;
				CLANG_WARN_EMPTY_BODY = YES;
				CLANG_WARN_ENUM_CONVERSION = YES;
				CLANG_WARN_INT_CONVERSION = YES;
				CLANG_WARN_OBJC_ROOT_CLASS = YES_ERROR;
				CLANG_WARN__DUPLICATE_METHOD_MATCH = YES;
				COPY_PHASE_STRIP = NO;
				GCC_C_LANGUAGE_STANDARD = gnu99;
				GCC_DYNAMIC_NO_PIC = NO;
				GCC_ENABLE_OBJC_EXCEPTIONS = YES;
				GCC_OPTIMIZATION_LEVEL = 0;
				GCC_PREPROCESSOR_DEFINITIONS = (
					"DEBUG=1",
					"$(inherited)",
				);
				GCC_SYMBOLS_PRIVATE_EXTERN = NO;
				GCC_WARN_64_TO_32_BIT_CONVERSION = YES;
				GCC_WARN_ABOUT_RETURN_TYPE = YES_ERROR;
				GCC_WARN_UNDECLARED_SELECTOR = YES;
				GCC_WARN_UNINITIALIZED_AUTOS = YES_AGGRESSIVE;
				GCC_WARN_UNUSED_FUNCTION = YES;
				GCC_WARN_UNUSED_VARIABLE = YES;
				MACOSX_DEPLOYMENT_TARGET = 10.9;
				ONLY_ACTIVE_ARCH = YES;
				SDKROOT = macosx;
			};
			name = Debug;
		};
		F1C7C48E18F1864100A4D911 /* Release */ = {
			isa = XCBuildConfiguration;
			buildSettings = {
				ALWAYS_SEARCH_USER_PATHS = NO;
				CLANG_CXX_LANGUAGE_STANDARD = "gnu++0x";
				CLANG_CXX_LIBRARY = "libc++";
				CLANG_ENABLE_MODULES = YES;
				CLANG_ENABLE_OBJC_ARC = YES;
				CLANG_WARN_BOOL_CONVERSION = YES;
				CLANG_WARN_CONSTANT_CONVERSION = YES;
				CLANG_WARN_DIRECT_OBJC_ISA_USAGE = YES_ERROR;
				CLANG_WARN_EMPTY_BODY = YES;
				CLANG_WARN_ENUM_CONVERSION = YES;
				CLANG_WARN_INT_CONVERSION = YES;
				CLANG_WARN_OBJC_ROOT_CLASS = YES_ERROR;
				CLANG_WARN__DUPLICATE_METHOD_MATCH = YES;
				COPY_PHASE_STRIP = YES;
				DEBUG_INFORMATION_FORMAT = "dwarf-with-dsym";
				ENABLE_NS_ASSERTIONS = NO;
				GCC_C_LANGUAGE_STANDARD = gnu99;
				GCC_ENABLE_OBJC_EXCEPTIONS = YES;
				GCC_WARN_64_TO_32_BIT_CONVERSION = YES;
				GCC_WARN_ABOUT_RETURN_TYPE = YES_ERROR;
				GCC_WARN_UNDECLARED_SELECTOR = YES;
				GCC_WARN_UNINITIALIZED_AUTOS = YES_AGGRESSIVE;
				GCC_WARN_UNUSED_FUNCTION = YES;
				GCC_WARN_UNUSED_VARIABLE = YES;
				MACOSX_DEPLOYMENT_TARGET = 10.9;
				SDKROOT = macosx;
			};
			name = Release;
		};
		F1C7C49018F1864100A4D911 /* Debug */ = {
			isa = XCBuildConfiguration;
			buildSettings = {
				ASSETCATALOG_COMPILER_APPICON_NAME = AppIcon;
				COMBINE_HIDPI_IMAGES = YES;
				GCC_PRECOMPILE_PREFIX_HEADER = YES;
				GCC_PREFIX_HEADER = "CompilerConstruction/CompilerConstruction-Prefix.pch";
				INFOPLIST_FILE = "CompilerConstruction/CompilerConstruction-Info.plist";
				PRODUCT_NAME = "$(TARGET_NAME)";
				WRAPPER_EXTENSION = app;
			};
			name = Debug;
		};
		F1C7C49118F1864100A4D911 /* Release */ = {
			isa = XCBuildConfiguration;
			buildSettings = {
				ASSETCATALOG_COMPILER_APPICON_NAME = AppIcon;
				COMBINE_HIDPI_IMAGES = YES;
				GCC_PRECOMPILE_PREFIX_HEADER = YES;
				GCC_PREFIX_HEADER = "CompilerConstruction/CompilerConstruction-Prefix.pch";
				INFOPLIST_FILE = "CompilerConstruction/CompilerConstruction-Info.plist";
				PRODUCT_NAME = "$(TARGET_NAME)";
				WRAPPER_EXTENSION = app;
			};
			name = Release;
		};
		F1C7C49318F1864100A4D911 /* Debug */ = {
			isa = XCBuildConfiguration;
			buildSettings = {
				BUNDLE_LOADER = "$(BUILT_PRODUCTS_DIR)/CompilerConstruction.app/Contents/MacOS/CompilerConstruction";
				COMBINE_HIDPI_IMAGES = YES;
				FRAMEWORK_SEARCH_PATHS = (
					"$(DEVELOPER_FRAMEWORKS_DIR)",
					"$(inherited)",
				);
				GCC_PRECOMPILE_PREFIX_HEADER = YES;
				GCC_PREFIX_HEADER = "CompilerConstruction/CompilerConstruction-Prefix.pch";
				GCC_PREPROCESSOR_DEFINITIONS = (
					"DEBUG=1",
					"$(inherited)",
				);
				INFOPLIST_FILE = "CompilerConstructionTests/CompilerConstructionTests-Info.plist";
				PRODUCT_NAME = "$(TARGET_NAME)";
				TEST_HOST = "$(BUNDLE_LOADER)";
				WRAPPER_EXTENSION = xctest;
			};
			name = Debug;
		};
		F1C7C49418F1864100A4D911 /* Release */ = {
			isa = XCBuildConfiguration;
			buildSettings = {
				BUNDLE_LOADER = "$(BUILT_PRODUCTS_DIR)/CompilerConstruction.app/Contents/MacOS/CompilerConstruction";
				COMBINE_HIDPI_IMAGES = YES;
				FRAMEWORK_SEARCH_PATHS = (
					"$(DEVELOPER_FRAMEWORKS_DIR)",
					"$(inherited)",
				);
				GCC_PRECOMPILE_PREFIX_HEADER = YES;
				GCC_PREFIX_HEADER = "CompilerConstruction/CompilerConstruction-Prefix.pch";
				INFOPLIST_FILE = "CompilerConstructionTests/CompilerConstructionTests-Info.plist";
				PRODUCT_NAME = "$(TARGET_NAME)";
				TEST_HOST = "$(BUNDLE_LOADER)";
				WRAPPER_EXTENSION = xctest;
			};
			name = Release;
		};
		F1D3EDCF18F18ACC0063EC76 /* Debug */ = {
			isa = XCBuildConfiguration;
			buildSettings = {
				PRODUCT_NAME = "$(TARGET_NAME)";
			};
			name = Debug;
		};
		F1D3EDD018F18ACC0063EC76 /* Release */ = {
			isa = XCBuildConfiguration;
			buildSettings = {
				PRODUCT_NAME = "$(TARGET_NAME)";
			};
			name = Release;
		};
/* End XCBuildConfiguration section */

/* Begin XCConfigurationList section */
		F1C7C45918F1864100A4D911 /* Build configuration list for PBXProject "CompilerConstruction" */ = {
			isa = XCConfigurationList;
			buildConfigurations = (
				F1C7C48D18F1864100A4D911 /* Debug */,
				F1C7C48E18F1864100A4D911 /* Release */,
			);
			defaultConfigurationIsVisible = 0;
			defaultConfigurationName = Release;
		};
		F1C7C48F18F1864100A4D911 /* Build configuration list for PBXNativeTarget "CompilerConstruction" */ = {
			isa = XCConfigurationList;
			buildConfigurations = (
				F1C7C49018F1864100A4D911 /* Debug */,
				F1C7C49118F1864100A4D911 /* Release */,
			);
			defaultConfigurationIsVisible = 0;
			defaultConfigurationName = Release;
		};
		F1C7C49218F1864100A4D911 /* Build configuration list for PBXNativeTarget "CompilerConstructionTests" */ = {
			isa = XCConfigurationList;
			buildConfigurations = (
				F1C7C49318F1864100A4D911 /* Debug */,
				F1C7C49418F1864100A4D911 /* Release */,
			);
			defaultConfigurationIsVisible = 0;
			defaultConfigurationName = Release;
		};
		F1D3EDCE18F18ACC0063EC76 /* Build configuration list for PBXAggregateTarget "FlexAndBison" */ = {
			isa = XCConfigurationList;
			buildConfigurations = (
				F1D3EDCF18F18ACC0063EC76 /* Debug */,
				F1D3EDD018F18ACC0063EC76 /* Release */,
			);
			defaultConfigurationIsVisible = 0;
			defaultConfigurationName = Release;
		};
/* End XCConfigurationList section */
	};
	rootObject = F1C7C45618F1864100A4D911 /* Project object */;
}
