// !$*UTF8*$!
{
	archiveVersion = 1;
	classes = {
	};
	objectVersion = 46;
	objects = {

/* Begin PBXAggregateTarget section */
		F1D3EDCD18F18ACC0063EC76 /* FlexAndBison */ = {
			isa = PBXAggregateTarget;
			buildConfigurationList = F1D3EDCE18F18ACC0063EC76 /* Build configuration list for PBXAggregateTarget "FlexAndBison" */;
			buildPhases = (
				F1C3CAE019103AD400608EDD /* Generate Bison */,
				F1D3EDD318F18ADD0063EC76 /* Generate Flex */,
			);
			dependencies = (
			);
			name = FlexAndBison;
			productName = GenerateScanner;
		};
/* End PBXAggregateTarget section */

/* Begin PBXBuildFile section */
		DC088DF4191B76040067486B /* CCParser.output in Resources */ = {isa = PBXBuildFile; fileRef = DC088DF3191B76040067486B /* CCParser.output */; };
		DC8050AA1917BEB600B7C594 /* CCSymbolTable.m in Sources */ = {isa = PBXBuildFile; fileRef = DC8050A91917BEB600B7C594 /* CCSymbolTable.m */; };
		DCAE2E50191A57E5006F4F6B /* CCSymbol.m in Sources */ = {isa = PBXBuildFile; fileRef = DCAE2E4F191A57E5006F4F6B /* CCSymbol.m */; };
		DCAE2E54191A59A6006F4F6B /* CCSymbolReference.m in Sources */ = {isa = PBXBuildFile; fileRef = DCAE2E53191A59A6006F4F6B /* CCSymbolReference.m */; };
		F17728A11918E86B005AE753 /* CCAbstractSyntaxTree.c in Sources */ = {isa = PBXBuildFile; fileRef = F17728A01918E86B005AE753 /* CCAbstractSyntaxTree.c */; };
		F1C3CAE219103D0B00608EDD /* CCParser.m in Sources */ = {isa = PBXBuildFile; fileRef = F1C3CAE119103D0B00608EDD /* CCParser.m */; };
		F1C7C46218F1864100A4D911 /* Cocoa.framework in Frameworks */ = {isa = PBXBuildFile; fileRef = F1C7C46118F1864100A4D911 /* Cocoa.framework */; };
		F1C7C46C18F1864100A4D911 /* InfoPlist.strings in Resources */ = {isa = PBXBuildFile; fileRef = F1C7C46A18F1864100A4D911 /* InfoPlist.strings */; };
		F1C7C46E18F1864100A4D911 /* main.m in Sources */ = {isa = PBXBuildFile; fileRef = F1C7C46D18F1864100A4D911 /* main.m */; };
		F1C7C47218F1864100A4D911 /* Credits.rtf in Resources */ = {isa = PBXBuildFile; fileRef = F1C7C47018F1864100A4D911 /* Credits.rtf */; };
		F1C7C47518F1864100A4D911 /* CCAppDelegate.m in Sources */ = {isa = PBXBuildFile; fileRef = F1C7C47418F1864100A4D911 /* CCAppDelegate.m */; };
		F1C7C47818F1864100A4D911 /* MainMenu.xib in Resources */ = {isa = PBXBuildFile; fileRef = F1C7C47618F1864100A4D911 /* MainMenu.xib */; };
		F1C7C47A18F1864100A4D911 /* Images.xcassets in Resources */ = {isa = PBXBuildFile; fileRef = F1C7C47918F1864100A4D911 /* Images.xcassets */; };
		F1C7C48118F1864100A4D911 /* XCTest.framework in Frameworks */ = {isa = PBXBuildFile; fileRef = F1C7C48018F1864100A4D911 /* XCTest.framework */; };
		F1C7C48218F1864100A4D911 /* Cocoa.framework in Frameworks */ = {isa = PBXBuildFile; fileRef = F1C7C46118F1864100A4D911 /* Cocoa.framework */; };
		F1C7C48A18F1864100A4D911 /* InfoPlist.strings in Resources */ = {isa = PBXBuildFile; fileRef = F1C7C48818F1864100A4D911 /* InfoPlist.strings */; };
		F1C7C48C18F1864100A4D911 /* CompilerConstructionTests.m in Sources */ = {isa = PBXBuildFile; fileRef = F1C7C48B18F1864100A4D911 /* CompilerConstructionTests.m */; };
		F1D3EDCB18F189C10063EC76 /* CCScanner.m in Sources */ = {isa = PBXBuildFile; fileRef = F1D3EDCA18F189C10063EC76 /* CCScanner.m */; };
		F1D3EDDC18F198020063EC76 /* CCUIController.m in Sources */ = {isa = PBXBuildFile; fileRef = F1D3EDDB18F198020063EC76 /* CCUIController.m */; };
/* End PBXBuildFile section */

/* Begin PBXContainerItemProxy section */
		F1C7C48318F1864100A4D911 /* PBXContainerItemProxy */ = {
			isa = PBXContainerItemProxy;
			containerPortal = F1C7C45618F1864100A4D911 /* Project object */;
			proxyType = 1;
			remoteGlobalIDString = F1C7C45D18F1864100A4D911;
			remoteInfo = CompilerConstruction;
		};
		F1D3EDD118F18AD40063EC76 /* PBXContainerItemProxy */ = {
			isa = PBXContainerItemProxy;
			containerPortal = F1C7C45618F1864100A4D911 /* Project object */;
			proxyType = 1;
			remoteGlobalIDString = F1D3EDCD18F18ACC0063EC76;
			remoteInfo = GenerateScanner;
		};
/* End PBXContainerItemProxy section */

/* Begin PBXFileReference section */
		DC088DF3191B76040067486B /* CCParser.output */ = {isa = PBXFileReference; fileEncoding = 4; lastKnownFileType = text; path = CCParser.output; sourceTree = "<group>"; };
		DC8050A81917BEB600B7C594 /* CCSymbolTable.h */ = {isa = PBXFileReference; fileEncoding = 4; lastKnownFileType = sourcecode.c.h; path = CCSymbolTable.h; sourceTree = "<group>"; };
		DC8050A91917BEB600B7C594 /* CCSymbolTable.m */ = {isa = PBXFileReference; fileEncoding = 4; lastKnownFileType = sourcecode.c.objc; path = CCSymbolTable.m; sourceTree = "<group>"; };
		DCAE2E4E191A57E5006F4F6B /* CCSymbol.h */ = {isa = PBXFileReference; fileEncoding = 4; lastKnownFileType = sourcecode.c.h; path = CCSymbol.h; sourceTree = "<group>"; };
		DCAE2E4F191A57E5006F4F6B /* CCSymbol.m */ = {isa = PBXFileReference; fileEncoding = 4; lastKnownFileType = sourcecode.c.objc; path = CCSymbol.m; sourceTree = "<group>"; };
		DCAE2E52191A59A6006F4F6B /* CCSymbolReference.h */ = {isa = PBXFileReference; fileEncoding = 4; lastKnownFileType = sourcecode.c.h; path = CCSymbolReference.h; sourceTree = "<group>"; };
		DCAE2E53191A59A6006F4F6B /* CCSymbolReference.m */ = {isa = PBXFileReference; fileEncoding = 4; lastKnownFileType = sourcecode.c.objc; path = CCSymbolReference.m; sourceTree = "<group>"; };
		F177289F1918E85A005AE753 /* CCAbstractSyntaxTree.h */ = {isa = PBXFileReference; lastKnownFileType = sourcecode.c.h; path = CCAbstractSyntaxTree.h; sourceTree = "<group>"; };
		F17728A01918E86B005AE753 /* CCAbstractSyntaxTree.c */ = {isa = PBXFileReference; fileEncoding = 4; lastKnownFileType = sourcecode.c.c; path = CCAbstractSyntaxTree.c; sourceTree = "<group>"; };
		F1BA354B191040D8004992EC /* CCParser.h */ = {isa = PBXFileReference; lastKnownFileType = sourcecode.c.h; path = CCParser.h; sourceTree = "<group>"; };
		F1BA354C1910442E004992EC /* CCParserInterface.h */ = {isa = PBXFileReference; lastKnownFileType = sourcecode.c.h; path = CCParserInterface.h; sourceTree = "<group>"; };
		F1C3CADF19103A9200608EDD /* CCBisonInput */ = {isa = PBXFileReference; lastKnownFileType = text; path = CCBisonInput; sourceTree = "<group>"; };
		F1C3CAE119103D0B00608EDD /* CCParser.m */ = {isa = PBXFileReference; fileEncoding = 4; lastKnownFileType = sourcecode.c.objc; path = CCParser.m; sourceTree = "<group>"; };
		F1C7C45E18F1864100A4D911 /* CompilerConstruction.app */ = {isa = PBXFileReference; explicitFileType = wrapper.application; includeInIndex = 0; path = CompilerConstruction.app; sourceTree = BUILT_PRODUCTS_DIR; };
		F1C7C46118F1864100A4D911 /* Cocoa.framework */ = {isa = PBXFileReference; lastKnownFileType = wrapper.framework; name = Cocoa.framework; path = System/Library/Frameworks/Cocoa.framework; sourceTree = SDKROOT; };
		F1C7C46418F1864100A4D911 /* AppKit.framework */ = {isa = PBXFileReference; lastKnownFileType = wrapper.framework; name = AppKit.framework; path = System/Library/Frameworks/AppKit.framework; sourceTree = SDKROOT; };
		F1C7C46518F1864100A4D911 /* CoreData.framework */ = {isa = PBXFileReference; lastKnownFileType = wrapper.framework; name = CoreData.framework; path = System/Library/Frameworks/CoreData.framework; sourceTree = SDKROOT; };
		F1C7C46618F1864100A4D911 /* Foundation.framework */ = {isa = PBXFileReference; lastKnownFileType = wrapper.framework; name = Foundation.framework; path = System/Library/Frameworks/Foundation.framework; sourceTree = SDKROOT; };
		F1C7C46918F1864100A4D911 /* CompilerConstruction-Info.plist */ = {isa = PBXFileReference; lastKnownFileType = text.plist.xml; path = "CompilerConstruction-Info.plist"; sourceTree = "<group>"; };
		F1C7C46B18F1864100A4D911 /* en */ = {isa = PBXFileReference; lastKnownFileType = text.plist.strings; name = en; path = en.lproj/InfoPlist.strings; sourceTree = "<group>"; };
		F1C7C46D18F1864100A4D911 /* main.m */ = {isa = PBXFileReference; lastKnownFileType = sourcecode.c.objc; path = main.m; sourceTree = "<group>"; };
		F1C7C46F18F1864100A4D911 /* CompilerConstruction-Prefix.pch */ = {isa = PBXFileReference; lastKnownFileType = sourcecode.c.h; path = "CompilerConstruction-Prefix.pch"; sourceTree = "<group>"; };
		F1C7C47118F1864100A4D911 /* en */ = {isa = PBXFileReference; lastKnownFileType = text.rtf; name = en; path = en.lproj/Credits.rtf; sourceTree = "<group>"; };
		F1C7C47318F1864100A4D911 /* CCAppDelegate.h */ = {isa = PBXFileReference; lastKnownFileType = sourcecode.c.h; path = CCAppDelegate.h; sourceTree = "<group>"; };
		F1C7C47418F1864100A4D911 /* CCAppDelegate.m */ = {isa = PBXFileReference; lastKnownFileType = sourcecode.c.objc; path = CCAppDelegate.m; sourceTree = "<group>"; };
		F1C7C47718F1864100A4D911 /* Base */ = {isa = PBXFileReference; lastKnownFileType = file.xib; name = Base; path = Base.lproj/MainMenu.xib; sourceTree = "<group>"; };
		F1C7C47918F1864100A4D911 /* Images.xcassets */ = {isa = PBXFileReference; lastKnownFileType = folder.assetcatalog; path = Images.xcassets; sourceTree = "<group>"; };
		F1C7C47F18F1864100A4D911 /* CompilerConstructionTests.xctest */ = {isa = PBXFileReference; explicitFileType = wrapper.cfbundle; includeInIndex = 0; path = CompilerConstructionTests.xctest; sourceTree = BUILT_PRODUCTS_DIR; };
		F1C7C48018F1864100A4D911 /* XCTest.framework */ = {isa = PBXFileReference; lastKnownFileType = wrapper.framework; name = XCTest.framework; path = Library/Frameworks/XCTest.framework; sourceTree = DEVELOPER_DIR; };
		F1C7C48718F1864100A4D911 /* CompilerConstructionTests-Info.plist */ = {isa = PBXFileReference; lastKnownFileType = text.plist.xml; path = "CompilerConstructionTests-Info.plist"; sourceTree = "<group>"; };
		F1C7C48918F1864100A4D911 /* en */ = {isa = PBXFileReference; lastKnownFileType = text.plist.strings; name = en; path = en.lproj/InfoPlist.strings; sourceTree = "<group>"; };
		F1C7C48B18F1864100A4D911 /* CompilerConstructionTests.m */ = {isa = PBXFileReference; lastKnownFileType = sourcecode.c.objc; path = CompilerConstructionTests.m; sourceTree = "<group>"; };
		F1D3EDC718F189A40063EC76 /* CCFlexInput */ = {isa = PBXFileReference; lastKnownFileType = text; path = CCFlexInput; sourceTree = "<group>"; };
		F1D3EDCA18F189C10063EC76 /* CCScanner.m */ = {isa = PBXFileReference; fileEncoding = 4; lastKnownFileType = sourcecode.c.objc; path = CCScanner.m; sourceTree = "<group>"; };
		F1D3EDDA18F198020063EC76 /* CCUIController.h */ = {isa = PBXFileReference; fileEncoding = 4; lastKnownFileType = sourcecode.c.h; path = CCUIController.h; sourceTree = "<group>"; };
		F1D3EDDB18F198020063EC76 /* CCUIController.m */ = {isa = PBXFileReference; fileEncoding = 4; lastKnownFileType = sourcecode.c.objc; path = CCUIController.m; sourceTree = "<group>"; };
		F1D3EDE318F1A3D50063EC76 /* CCScanner.h */ = {isa = PBXFileReference; lastKnownFileType = sourcecode.c.h; path = CCScanner.h; sourceTree = "<group>"; };
		F1D3EDE418F1A42F0063EC76 /* CCOutput.h */ = {isa = PBXFileReference; fileEncoding = 4; lastKnownFileType = sourcecode.c.h; path = CCOutput.h; sourceTree = "<group>"; };
/* End PBXFileReference section */

/* Begin PBXFrameworksBuildPhase section */
		F1C7C45B18F1864100A4D911 /* Frameworks */ = {
			isa = PBXFrameworksBuildPhase;
			buildActionMask = 2147483647;
			files = (
				F1C7C46218F1864100A4D911 /* Cocoa.framework in Frameworks */,
			);
			runOnlyForDeploymentPostprocessing = 0;
		};
		F1C7C47C18F1864100A4D911 /* Frameworks */ = {
			isa = PBXFrameworksBuildPhase;
			buildActionMask = 2147483647;
			files = (
				F1C7C48218F1864100A4D911 /* Cocoa.framework in Frameworks */,
				F1C7C48118F1864100A4D911 /* XCTest.framework in Frameworks */,
			);
			runOnlyForDeploymentPostprocessing = 0;
		};
/* End PBXFrameworksBuildPhase section */

/* Begin PBXGroup section */
		DC8050A71917BE9700B7C594 /* SymbolTable */ = {
			isa = PBXGroup;
			children = (
				DC8050A81917BEB600B7C594 /* CCSymbolTable.h */,
				DC8050A91917BEB600B7C594 /* CCSymbolTable.m */,
				DCAE2E4E191A57E5006F4F6B /* CCSymbol.h */,
				DCAE2E4F191A57E5006F4F6B /* CCSymbol.m */,
				DCAE2E52191A59A6006F4F6B /* CCSymbolReference.h */,
				DCAE2E53191A59A6006F4F6B /* CCSymbolReference.m */,
			);
			name = SymbolTable;
			sourceTree = "<group>";
		};
		F177289E1918E839005AE753 /* SyntaxTree */ = {
			isa = PBXGroup;
			children = (
				F177289F1918E85A005AE753 /* CCAbstractSyntaxTree.h */,
				F17728A01918E86B005AE753 /* CCAbstractSyntaxTree.c */,
			);
			name = SyntaxTree;
			sourceTree = "<group>";
		};
		F1C3CADC191039CE00608EDD /* Bison */ = {
			isa = PBXGroup;
			children = (
				F1C3CADE191039F100608EDD /* Output */,
				F1C3CADD191039E200608EDD /* Input */,
			);
			name = Bison;
			sourceTree = "<group>";
		};
		F1C3CADD191039E200608EDD /* Input */ = {
			isa = PBXGroup;
			children = (
				F1C3CADF19103A9200608EDD /* CCBisonInput */,
				F1BA354C1910442E004992EC /* CCParserInterface.h */,
			);
			name = Input;
			sourceTree = "<group>";
		};
		F1C3CADE191039F100608EDD /* Output */ = {
			isa = PBXGroup;
			children = (
				F1BA354B191040D8004992EC /* CCParser.h */,
				F1C3CAE119103D0B00608EDD /* CCParser.m */,
				DC088DF3191B76040067486B /* CCParser.output */,
			);
			name = Output;
			sourceTree = "<group>";
		};
		F1C7C45518F1864100A4D911 = {
			isa = PBXGroup;
			children = (
				F1C7C46718F1864100A4D911 /* CompilerConstruction */,
				F1C7C48518F1864100A4D911 /* CompilerConstructionTests */,
				F1C7C46018F1864100A4D911 /* Frameworks */,
				F1C7C45F18F1864100A4D911 /* Products */,
			);
			sourceTree = "<group>";
		};
		F1C7C45F18F1864100A4D911 /* Products */ = {
			isa = PBXGroup;
			children = (
				F1C7C45E18F1864100A4D911 /* CompilerConstruction.app */,
				F1C7C47F18F1864100A4D911 /* CompilerConstructionTests.xctest */,
			);
			name = Products;
			sourceTree = "<group>";
		};
		F1C7C46018F1864100A4D911 /* Frameworks */ = {
			isa = PBXGroup;
			children = (
				F1C7C46118F1864100A4D911 /* Cocoa.framework */,
				F1C7C48018F1864100A4D911 /* XCTest.framework */,
				F1C7C46318F1864100A4D911 /* Other Frameworks */,
			);
			name = Frameworks;
			sourceTree = "<group>";
		};
		F1C7C46318F1864100A4D911 /* Other Frameworks */ = {
			isa = PBXGroup;
			children = (
				F1C7C46418F1864100A4D911 /* AppKit.framework */,
				F1C7C46518F1864100A4D911 /* CoreData.framework */,
				F1C7C46618F1864100A4D911 /* Foundation.framework */,
			);
			name = "Other Frameworks";
			sourceTree = "<group>";
		};
		F1C7C46718F1864100A4D911 /* CompilerConstruction */ = {
			isa = PBXGroup;
			children = (
				F1C7C47318F1864100A4D911 /* CCAppDelegate.h */,
				F1C7C47418F1864100A4D911 /* CCAppDelegate.m */,
				F1D3EDDF18F1988E0063EC76 /* Core */,
				F1C3CADC191039CE00608EDD /* Bison */,
				F1D3EDC618F1898E0063EC76 /* Flex */,
				F1D3EDDE18F198690063EC76 /* Views */,
				F1D3EDDD18F198610063EC76 /* Controllers */,
				F1C7C47918F1864100A4D911 /* Images.xcassets */,
				F1C7C46818F1864100A4D911 /* Supporting Files */,
			);
			path = CompilerConstruction;
			sourceTree = "<group>";
		};
		F1C7C46818F1864100A4D911 /* Supporting Files */ = {
			isa = PBXGroup;
			children = (
				F1C7C46918F1864100A4D911 /* CompilerConstruction-Info.plist */,
				F1C7C46A18F1864100A4D911 /* InfoPlist.strings */,
				F1C7C46D18F1864100A4D911 /* main.m */,
				F1C7C46F18F1864100A4D911 /* CompilerConstruction-Prefix.pch */,
				F1C7C47018F1864100A4D911 /* Credits.rtf */,
			);
			name = "Supporting Files";
			sourceTree = "<group>";
		};
		F1C7C48518F1864100A4D911 /* CompilerConstructionTests */ = {
			isa = PBXGroup;
			children = (
				F1C7C48B18F1864100A4D911 /* CompilerConstructionTests.m */,
				F1C7C48618F1864100A4D911 /* Supporting Files */,
			);
			path = CompilerConstructionTests;
			sourceTree = "<group>";
		};
		F1C7C48618F1864100A4D911 /* Supporting Files */ = {
			isa = PBXGroup;
			children = (
				F1C7C48718F1864100A4D911 /* CompilerConstructionTests-Info.plist */,
				F1C7C48818F1864100A4D911 /* InfoPlist.strings */,
			);
			name = "Supporting Files";
			sourceTree = "<group>";
		};
		F1D3EDC618F1898E0063EC76 /* Flex */ = {
			isa = PBXGroup;
			children = (
				F1D3EDC918F189B00063EC76 /* Output */,
				F1D3EDC818F189AA0063EC76 /* Input */,
			);
			name = Flex;
			sourceTree = "<group>";
		};
		F1D3EDC818F189AA0063EC76 /* Input */ = {
			isa = PBXGroup;
			children = (
				F1D3EDC718F189A40063EC76 /* CCFlexInput */,
			);
			name = Input;
			sourceTree = "<group>";
		};
		F1D3EDC918F189B00063EC76 /* Output */ = {
			isa = PBXGroup;
			children = (
				F1D3EDE318F1A3D50063EC76 /* CCScanner.h */,
				F1D3EDCA18F189C10063EC76 /* CCScanner.m */,
			);
			name = Output;
			sourceTree = "<group>";
		};
		F1D3EDDD18F198610063EC76 /* Controllers */ = {
			isa = PBXGroup;
			children = (
				F1D3EDDA18F198020063EC76 /* CCUIController.h */,
				F1D3EDDB18F198020063EC76 /* CCUIController.m */,
			);
			name = Controllers;
			sourceTree = "<group>";
		};
		F1D3EDDE18F198690063EC76 /* Views */ = {
			isa = PBXGroup;
			children = (
				F1C7C47618F1864100A4D911 /* MainMenu.xib */,
			);
			name = Views;
			sourceTree = "<group>";
		};
		F1D3EDDF18F1988E0063EC76 /* Core */ = {
			isa = PBXGroup;
			children = (
				F177289E1918E839005AE753 /* SyntaxTree */,
				DC8050A71917BE9700B7C594 /* SymbolTable */,
				F1D3EDE018F199500063EC76 /* Output */,
			);
			name = Core;
			sourceTree = "<group>";
		};
		F1D3EDE018F199500063EC76 /* Output */ = {
			isa = PBXGroup;
			children = (
				F1D3EDE418F1A42F0063EC76 /* CCOutput.h */,
			);
			name = Output;
			sourceTree = "<group>";
		};
/* End PBXGroup section */

/* Begin PBXNativeTarget section */
		F1C7C45D18F1864100A4D911 /* CompilerConstruction */ = {
			isa = PBXNativeTarget;
			buildConfigurationList = F1C7C48F18F1864100A4D911 /* Build configuration list for PBXNativeTarget "CompilerConstruction" */;
			buildPhases = (
				F1C7C45A18F1864100A4D911 /* Sources */,
				F1C7C45B18F1864100A4D911 /* Frameworks */,
				F1C7C45C18F1864100A4D911 /* Resources */,
			);
			buildRules = (
			);
			dependencies = (
				F1D3EDD218F18AD40063EC76 /* PBXTargetDependency */,
			);
			name = CompilerConstruction;
			productName = CompilerConstruction;
			productReference = F1C7C45E18F1864100A4D911 /* CompilerConstruction.app */;
			productType = "com.apple.product-type.application";
		};
		F1C7C47E18F1864100A4D911 /* CompilerConstructionTests */ = {
			isa = PBXNativeTarget;
			buildConfigurationList = F1C7C49218F1864100A4D911 /* Build configuration list for PBXNativeTarget "CompilerConstructionTests" */;
			buildPhases = (
				F1C7C47B18F1864100A4D911 /* Sources */,
				F1C7C47C18F1864100A4D911 /* Frameworks */,
				F1C7C47D18F1864100A4D911 /* Resources */,
			);
			buildRules = (
			);
			dependencies = (
				F1C7C48418F1864100A4D911 /* PBXTargetDependency */,
			);
			name = CompilerConstructionTests;
			productName = CompilerConstructionTests;
			productReference = F1C7C47F18F1864100A4D911 /* CompilerConstructionTests.xctest */;
			productType = "com.apple.product-type.bundle.unit-test";
		};
/* End PBXNativeTarget section */

/* Begin PBXProject section */
		F1C7C45618F1864100A4D911 /* Project object */ = {
			isa = PBXProject;
			attributes = {
				CLASSPREFIX = CC;
				LastUpgradeCheck = 0510;
				ORGANIZATIONNAME = "Thorsten Kober";
				TargetAttributes = {
					F1C7C47E18F1864100A4D911 = {
						TestTargetID = F1C7C45D18F1864100A4D911;
					};
				};
			};
			buildConfigurationList = F1C7C45918F1864100A4D911 /* Build configuration list for PBXProject "CompilerConstruction" */;
			compatibilityVersion = "Xcode 3.2";
			developmentRegion = English;
			hasScannedForEncodings = 0;
			knownRegions = (
				en,
				Base,
			);
			mainGroup = F1C7C45518F1864100A4D911;
			productRefGroup = F1C7C45F18F1864100A4D911 /* Products */;
			projectDirPath = "";
			projectRoot = "";
			targets = (
				F1C7C45D18F1864100A4D911 /* CompilerConstruction */,
				F1C7C47E18F1864100A4D911 /* CompilerConstructionTests */,
				F1D3EDCD18F18ACC0063EC76 /* FlexAndBison */,
			);
		};
/* End PBXProject section */

/* Begin PBXResourcesBuildPhase section */
		F1C7C45C18F1864100A4D911 /* Resources */ = {
			isa = PBXResourcesBuildPhase;
			buildActionMask = 2147483647;
			files = (
				F1C7C46C18F1864100A4D911 /* InfoPlist.strings in Resources */,
				F1C7C47A18F1864100A4D911 /* Images.xcassets in Resources */,
				F1C7C47218F1864100A4D911 /* Credits.rtf in Resources */,
				F1C7C47818F1864100A4D911 /* MainMenu.xib in Resources */,
				DC088DF4191B76040067486B /* CCParser.output in Resources */,
			);
			runOnlyForDeploymentPostprocessing = 0;
		};
		F1C7C47D18F1864100A4D911 /* Resources */ = {
			isa = PBXResourcesBuildPhase;
			buildActionMask = 2147483647;
			files = (
				F1C7C48A18F1864100A4D911 /* InfoPlist.strings in Resources */,
			);
			runOnlyForDeploymentPostprocessing = 0;
		};
/* End PBXResourcesBuildPhase section */

/* Begin PBXShellScriptBuildPhase section */
		F1C3CAE019103AD400608EDD /* Generate Bison */ = {
			isa = PBXShellScriptBuildPhase;
			buildActionMask = 2147483647;
			files = (
			);
			inputPaths = (
			);
			name = "Generate Bison";
			outputPaths = (
			);
			runOnlyForDeploymentPostprocessing = 0;
			shellPath = /bin/sh;
			shellScript = "bison -d -o \"$SRCROOT/CompilerConstruction/CCParser.h\" \"$SRCROOT/CompilerConstruction/CCBisonInput\"\ncat \"$SRCROOT/CompilerConstruction/CCParserInterface.h\" \"$SRCROOT/CompilerConstruction/CCParser.h\" > \"$SRCROOT/CompilerConstruction/_CCParser.h\"\nrm \"$SRCROOT/CompilerConstruction/CCParser.h\"\nmv \"$SRCROOT/CompilerConstruction/_CCParser.h\" \"$SRCROOT/CompilerConstruction/CCParser.h\"\n\nbison -v -o \"$SRCROOT/CompilerConstruction/CCParser.m\" \"$SRCROOT/CompilerConstruction/CCBisonInput\"";
			showEnvVarsInLog = 0;
		};
		F1D3EDD318F18ADD0063EC76 /* Generate Flex */ = {
			isa = PBXShellScriptBuildPhase;
			buildActionMask = 2147483647;
			files = (
			);
			inputPaths = (
			);
			name = "Generate Flex";
			outputPaths = (
			);
			runOnlyForDeploymentPostprocessing = 0;
			shellPath = /bin/sh;
			shellScript = "flex -o \"$SRCROOT/CompilerConstruction/CCScanner.m\" --header-file=\"$SRCROOT/CompilerConstruction/CCScanner.h\" \"$SRCROOT/CompilerConstruction/CCFlexInput\"";
			showEnvVarsInLog = 0;
		};
/* End PBXShellScriptBuildPhase section */

/* Begin PBXSourcesBuildPhase section */
		F1C7C45A18F1864100A4D911 /* Sources */ = {
			isa = PBXSourcesBuildPhase;
			buildActionMask = 2147483647;
			files = (
				F1C3CAE219103D0B00608EDD /* CCParser.m in Sources */,
				DCAE2E54191A59A6006F4F6B /* CCSymbolReference.m in Sources */,
				F17728A11918E86B005AE753 /* CCAbstractSyntaxTree.c in Sources */,
				F1C7C47518F1864100A4D911 /* CCAppDelegate.m in Sources */,
				DC8050AA1917BEB600B7C594 /* CCSymbolTable.m in Sources */,
				F1D3EDCB18F189C10063EC76 /* CCScanner.m in Sources */,
				F1C7C46E18F1864100A4D911 /* main.m in Sources */,
				DCAE2E50191A57E5006F4F6B /* CCSymbol.m in Sources */,
				F1D3EDDC18F198020063EC76 /* CCUIController.m in Sources */,
			);
			runOnlyForDeploymentPostprocessing = 0;
		};
		F1C7C47B18F1864100A4D911 /* Sources */ = {
			isa = PBXSourcesBuildPhase;
			buildActionMask = 2147483647;
			files = (
				F1C7C48C18F1864100A4D911 /* CompilerConstructionTests.m in Sources */,
			);
			runOnlyForDeploymentPostprocessing = 0;
		};
/* End PBXSourcesBuildPhase section */

/* Begin PBXTargetDependency section */
		F1C7C48418F1864100A4D911 /* PBXTargetDependency */ = {
			isa = PBXTargetDependency;
			target = F1C7C45D18F1864100A4D911 /* CompilerConstruction */;
			targetProxy = F1C7C48318F1864100A4D911 /* PBXContainerItemProxy */;
		};
		F1D3EDD218F18AD40063EC76 /* PBXTargetDependency */ = {
			isa = PBXTargetDependency;
			target = F1D3EDCD18F18ACC0063EC76 /* FlexAndBison */;
			targetProxy = F1D3EDD118F18AD40063EC76 /* PBXContainerItemProxy */;
		};
/* End PBXTargetDependency section */

/* Begin PBXVariantGroup section */
		F1C7C46A18F1864100A4D911 /* InfoPlist.strings */ = {
			isa = PBXVariantGroup;
			children = (
				F1C7C46B18F1864100A4D911 /* en */,
			);
			name = InfoPlist.strings;
			sourceTree = "<group>";
		};
		F1C7C47018F1864100A4D911 /* Credits.rtf */ = {
			isa = PBXVariantGroup;
			children = (
				F1C7C47118F1864100A4D911 /* en */,
			);
			name = Credits.rtf;
			sourceTree = "<group>";
		};
		F1C7C47618F1864100A4D911 /* MainMenu.xib */ = {
			isa = PBXVariantGroup;
			children = (
				F1C7C47718F1864100A4D911 /* Base */,
			);
			name = MainMenu.xib;
			sourceTree = "<group>";
		};
		F1C7C48818F1864100A4D911 /* InfoPlist.strings */ = {
			isa = PBXVariantGroup;
			children = (
				F1C7C48918F1864100A4D911 /* en */,
			);
			name = InfoPlist.strings;
			sourceTree = "<group>";
		};
/* End PBXVariantGroup section */

/* Begin XCBuildConfiguration section */
		F1C7C48D18F1864100A4D911 /* Debug */ = {
			isa = XCBuildConfiguration;
			buildSettings = {
				ALWAYS_SEARCH_USER_PATHS = NO;
				CLANG_CXX_LANGUAGE_STANDARD = "gnu++0x";
				CLANG_CXX_LIBRARY = "libc++";
				CLANG_ENABLE_MODULES = YES;
				CLANG_ENABLE_OBJC_ARC = YES;
				CLANG_WARN_BOOL_CONVERSION = YES;
				CLANG_WARN_CONSTANT_CONVERSION = YES;
				CLANG_WARN_DIRECT_OBJC_ISA_USAGE = YES_ERROR;
				CLANG_WARN_EMPTY_BODY = YES;
				CLANG_WARN_ENUM_CONVERSION = YES;
				CLANG_WARN_INT_CONVERSION = YES;
				CLANG_WARN_OBJC_ROOT_CLASS = YES_ERROR;
				CLANG_WARN__DUPLICATE_METHOD_MATCH = YES;
				COPY_PHASE_STRIP = NO;
				GCC_C_LANGUAGE_STANDARD = gnu99;
				GCC_DYNAMIC_NO_PIC = NO;
				GCC_ENABLE_OBJC_EXCEPTIONS = YES;
				GCC_OPTIMIZATION_LEVEL = 0;
				GCC_PREPROCESSOR_DEFINITIONS = (
					"DEBUG=1",
					"$(inherited)",
				);
				GCC_SYMBOLS_PRIVATE_EXTERN = NO;
				GCC_WARN_64_TO_32_BIT_CONVERSION = YES;
				GCC_WARN_ABOUT_RETURN_TYPE = YES_ERROR;
				GCC_WARN_UNDECLARED_SELECTOR = YES;
				GCC_WARN_UNINITIALIZED_AUTOS = YES_AGGRESSIVE;
				GCC_WARN_UNUSED_FUNCTION = YES;
				GCC_WARN_UNUSED_VARIABLE = YES;
				MACOSX_DEPLOYMENT_TARGET = 10.9;
				ONLY_ACTIVE_ARCH = YES;
				SDKROOT = macosx;
			};
			name = Debug;
		};
		F1C7C48E18F1864100A4D911 /* Release */ = {
			isa = XCBuildConfiguration;
			buildSettings = {
				ALWAYS_SEARCH_USER_PATHS = NO;
				CLANG_CXX_LANGUAGE_STANDARD = "gnu++0x";
				CLANG_CXX_LIBRARY = "libc++";
				CLANG_ENABLE_MODULES = YES;
				CLANG_ENABLE_OBJC_ARC = YES;
				CLANG_WARN_BOOL_CONVERSION = YES;
				CLANG_WARN_CONSTANT_CONVERSION = YES;
				CLANG_WARN_DIRECT_OBJC_ISA_USAGE = YES_ERROR;
				CLANG_WARN_EMPTY_BODY = YES;
				CLANG_WARN_ENUM_CONVERSION = YES;
				CLANG_WARN_INT_CONVERSION = YES;
				CLANG_WARN_OBJC_ROOT_CLASS = YES_ERROR;
				CLANG_WARN__DUPLICATE_METHOD_MATCH = YES;
				COPY_PHASE_STRIP = YES;
				DEBUG_INFORMATION_FORMAT = "dwarf-with-dsym";
				ENABLE_NS_ASSERTIONS = NO;
				GCC_C_LANGUAGE_STANDARD = gnu99;
				GCC_ENABLE_OBJC_EXCEPTIONS = YES;
				GCC_WARN_64_TO_32_BIT_CONVERSION = YES;
				GCC_WARN_ABOUT_RETURN_TYPE = YES_ERROR;
				GCC_WARN_UNDECLARED_SELECTOR = YES;
				GCC_WARN_UNINITIALIZED_AUTOS = YES_AGGRESSIVE;
				GCC_WARN_UNUSED_FUNCTION = YES;
				GCC_WARN_UNUSED_VARIABLE = YES;
				MACOSX_DEPLOYMENT_TARGET = 10.9;
				SDKROOT = macosx;
			};
			name = Release;
		};
		F1C7C49018F1864100A4D911 /* Debug */ = {
			isa = XCBuildConfiguration;
			buildSettings = {
				ASSETCATALOG_COMPILER_APPICON_NAME = AppIcon;
				COMBINE_HIDPI_IMAGES = YES;
				GCC_PRECOMPILE_PREFIX_HEADER = YES;
				GCC_PREFIX_HEADER = "CompilerConstruction/CompilerConstruction-Prefix.pch";
				INFOPLIST_FILE = "CompilerConstruction/CompilerConstruction-Info.plist";
				PRODUCT_NAME = "$(TARGET_NAME)";
				WRAPPER_EXTENSION = app;
			};
			name = Debug;
		};
		F1C7C49118F1864100A4D911 /* Release */ = {
			isa = XCBuildConfiguration;
			buildSettings = {
				ASSETCATALOG_COMPILER_APPICON_NAME = AppIcon;
				COMBINE_HIDPI_IMAGES = YES;
				GCC_PRECOMPILE_PREFIX_HEADER = YES;
				GCC_PREFIX_HEADER = "CompilerConstruction/CompilerConstruction-Prefix.pch";
				INFOPLIST_FILE = "CompilerConstruction/CompilerConstruction-Info.plist";
				PRODUCT_NAME = "$(TARGET_NAME)";
				WRAPPER_EXTENSION = app;
			};
			name = Release;
		};
		F1C7C49318F1864100A4D911 /* Debug */ = {
			isa = XCBuildConfiguration;
			buildSettings = {
				BUNDLE_LOADER = "$(BUILT_PRODUCTS_DIR)/CompilerConstruction.app/Contents/MacOS/CompilerConstruction";
				COMBINE_HIDPI_IMAGES = YES;
				FRAMEWORK_SEARCH_PATHS = (
					"$(DEVELOPER_FRAMEWORKS_DIR)",
					"$(inherited)",
				);
				GCC_PRECOMPILE_PREFIX_HEADER = YES;
				GCC_PREFIX_HEADER = "CompilerConstruction/CompilerConstruction-Prefix.pch";
				GCC_PREPROCESSOR_DEFINITIONS = (
					"DEBUG=1",
					"$(inherited)",
				);
				INFOPLIST_FILE = "CompilerConstructionTests/CompilerConstructionTests-Info.plist";
				PRODUCT_NAME = "$(TARGET_NAME)";
				TEST_HOST = "$(BUNDLE_LOADER)";
				WRAPPER_EXTENSION = xctest;
			};
			name = Debug;
		};
		F1C7C49418F1864100A4D911 /* Release */ = {
			isa = XCBuildConfiguration;
			buildSettings = {
				BUNDLE_LOADER = "$(BUILT_PRODUCTS_DIR)/CompilerConstruction.app/Contents/MacOS/CompilerConstruction";
				COMBINE_HIDPI_IMAGES = YES;
				FRAMEWORK_SEARCH_PATHS = (
					"$(DEVELOPER_FRAMEWORKS_DIR)",
					"$(inherited)",
				);
				GCC_PRECOMPILE_PREFIX_HEADER = YES;
				GCC_PREFIX_HEADER = "CompilerConstruction/CompilerConstruction-Prefix.pch";
				INFOPLIST_FILE = "CompilerConstructionTests/CompilerConstructionTests-Info.plist";
				PRODUCT_NAME = "$(TARGET_NAME)";
				TEST_HOST = "$(BUNDLE_LOADER)";
				WRAPPER_EXTENSION = xctest;
			};
			name = Release;
		};
		F1D3EDCF18F18ACC0063EC76 /* Debug */ = {
			isa = XCBuildConfiguration;
			buildSettings = {
				PRODUCT_NAME = "$(TARGET_NAME)";
			};
			name = Debug;
		};
		F1D3EDD018F18ACC0063EC76 /* Release */ = {
			isa = XCBuildConfiguration;
			buildSettings = {
				PRODUCT_NAME = "$(TARGET_NAME)";
			};
			name = Release;
		};
/* End XCBuildConfiguration section */

/* Begin XCConfigurationList section */
		F1C7C45918F1864100A4D911 /* Build configuration list for PBXProject "CompilerConstruction" */ = {
			isa = XCConfigurationList;
			buildConfigurations = (
				F1C7C48D18F1864100A4D911 /* Debug */,
				F1C7C48E18F1864100A4D911 /* Release */,
			);
			defaultConfigurationIsVisible = 0;
			defaultConfigurationName = Release;
		};
		F1C7C48F18F1864100A4D911 /* Build configuration list for PBXNativeTarget "CompilerConstruction" */ = {
			isa = XCConfigurationList;
			buildConfigurations = (
				F1C7C49018F1864100A4D911 /* Debug */,
				F1C7C49118F1864100A4D911 /* Release */,
			);
			defaultConfigurationIsVisible = 0;
			defaultConfigurationName = Release;
		};
		F1C7C49218F1864100A4D911 /* Build configuration list for PBXNativeTarget "CompilerConstructionTests" */ = {
			isa = XCConfigurationList;
			buildConfigurations = (
				F1C7C49318F1864100A4D911 /* Debug */,
				F1C7C49418F1864100A4D911 /* Release */,
			);
			defaultConfigurationIsVisible = 0;
			defaultConfigurationName = Release;
		};
		F1D3EDCE18F18ACC0063EC76 /* Build configuration list for PBXAggregateTarget "FlexAndBison" */ = {
			isa = XCConfigurationList;
			buildConfigurations = (
				F1D3EDCF18F18ACC0063EC76 /* Debug */,
				F1D3EDD018F18ACC0063EC76 /* Release */,
			);
			defaultConfigurationIsVisible = 0;
			defaultConfigurationName = Release;
		};
/* End XCConfigurationList section */
	};
	rootObject = F1C7C45618F1864100A4D911 /* Project object */;
}
